
Microsoft Visual Studio Solution File, Format Version 12.00
# Visual Studio 2013
VisualStudioVersion = 12.0.31101.0
MinimumVisualStudioVersion = 10.0.40219.1
Project("{2150E333-8FDC-42A3-9474-1A3956D46DE8}") = "01 - Ninject", "01 - Ninject", "{22132BE4-7D0B-400E-B03C-F6A3CAC02E01}"
EndProject
Project("{2150E333-8FDC-42A3-9474-1A3956D46DE8}") = "02 - XAML", "02 - XAML", "{4C09D2B4-2F71-479F-B223-30C3AFE8BBB1}"
EndProject
Project("{2150E333-8FDC-42A3-9474-1A3956D46DE8}") = "03 - MVVM", "03 - MVVM", "{E989B4DD-42BE-495C-BDF2-DC64615E52E7}"
EndProject
Project("{2150E333-8FDC-42A3-9474-1A3956D46DE8}") = "1.0 - About XAML", "1.0 - About XAML", "{8C152AB5-8D37-4A2F-82DC-DBD9F7274D11}"
EndProject
Project("{2150E333-8FDC-42A3-9474-1A3956D46DE8}") = "2.0 - Panels", "2.0 - Panels", "{3F266883-3FB4-47AF-B422-F38800938367}"
EndProject
Project("{FAE04EC0-301F-11D3-BF4B-00C04F79EFBC}") = "bSeamless.DotNetProg.XAML.PanelLayout", "bSeamless.DotNetProg.XAML.PanelLayout\bSeamless.DotNetProg.XAML.PanelLayout.csproj", "{FE0982C4-CF8E-41D0-96F7-A1819ECB9D2B}"
EndProject
Project("{FAE04EC0-301F-11D3-BF4B-00C04F79EFBC}") = "bSeamless.DotNetProg.XAML.Minimal", "bSeamless.DotNetProg.XAML.Minimal\bSeamless.DotNetProg.XAML.Minimal.csproj", "{EFB4C9DD-9BB9-4E9D-B112-E51C274574B5}"
EndProject
Project("{2150E333-8FDC-42A3-9474-1A3956D46DE8}") = "02 - Caliburn.Micro", "02 - Caliburn.Micro", "{1E6CA853-71FE-496F-B5B9-FAC29DD3224E}"
EndProject
Project("{FAE04EC0-301F-11D3-BF4B-00C04F79EFBC}") = "bSeamless.DotNetProg.MVVM.CM.MinimumApp", "bSeamless.DotNetProg.MVVM.CM.MinimumApp\bSeamless.DotNetProg.MVVM.CM.MinimumApp.csproj", "{37ED0098-4DFE-4AD8-A41E-E55476813694}"
EndProject
Project("{FAE04EC0-301F-11D3-BF4B-00C04F79EFBC}") = "bSeamless.DotNetProg.MVVM.CM.DataServiceClient", "bSeamless.DotNetProg.MVVM.CM.DataServiceClient\bSeamless.DotNetProg.MVVM.CM.DataServiceClient.csproj", "{57004B7B-BBE8-4966-8FC0-F05965CC44F1}"
EndProject
Project("{FAE04EC0-301F-11D3-BF4B-00C04F79EFBC}") = "bSeamless.DotNetProg.MVVM.CM.Common", "bSeamless.DotNetProg.MVVM.CM.Common\bSeamless.DotNetProg.MVVM.CM.Common.csproj", "{C4191430-DEF4-4A30-BCD7-71E89F2EEDDD}"
EndProject
Project("{2150E333-8FDC-42A3-9474-1A3956D46DE8}") = "01 - XAML Only", "01 - XAML Only", "{6119B391-695C-4020-A34F-FF7356E4C82B}"
EndProject
Project("{FAE04EC0-301F-11D3-BF4B-00C04F79EFBC}") = "bSeamless.DotNetProg.MVVM.XAML.Basic", "bSeamless.DotNetProg.MVVM.XAML.Basic\bSeamless.DotNetProg.MVVM.XAML.Basic.csproj", "{DC6E32AA-0560-4DB4-8A53-27F77AC5E635}"
EndProject
Project("{2150E333-8FDC-42A3-9474-1A3956D46DE8}") = "3.0 - Basic Elements and Events", "3.0 - Basic Elements and Events", "{435B63DF-457F-4554-B297-8E7492DD791F}"
EndProject
Project("{FAE04EC0-301F-11D3-BF4B-00C04F79EFBC}") = "bSeamless.DotNetProg.XAML.BasicElements", "bSeamless.DotNetProg.XAML.BasicElements\bSeamless.DotNetProg.XAML.BasicElements.csproj", "{14FA588B-D4DC-4856-BBE9-838C3591C8A3}"
EndProject
Project("{2150E333-8FDC-42A3-9474-1A3956D46DE8}") = "Other", "Other", "{E583388F-055C-4B10-B0FE-FF5825BEF641}"
EndProject
Project("{FAE04EC0-301F-11D3-BF4B-00C04F79EFBC}") = "bSeamless.DotNetProg.XAML.Other.Debugging", "bSeamless.DotNetProg.XAML.Other.Debugging\bSeamless.DotNetProg.XAML.Other.Debugging.csproj", "{F400C272-EB51-40BC-860D-915D65FBD1E0}"
EndProject
Project("{2150E333-8FDC-42A3-9474-1A3956D46DE8}") = "4.0 - User Controls and Templates", "4.0 - User Controls and Templates", "{40E0A691-FE89-4D02-8663-459D97BEA952}"
EndProject
Project("{FAE04EC0-301F-11D3-BF4B-00C04F79EFBC}") = "bSeamless.DotNetProg.XAML.UserControls", "bSeamless.DotNetProg.XAML.UserControls\bSeamless.DotNetProg.XAML.UserControls.csproj", "{F9AE617D-3B87-4642-BDC0-F2286D9703B8}"
EndProject
Project("{2150E333-8FDC-42A3-9474-1A3956D46DE8}") = "5.0 - Resources and Styles", "5.0 - Resources and Styles", "{28F62670-A4A9-4D49-8AA4-A583A1AA9514}"
EndProject
Project("{FAE04EC0-301F-11D3-BF4B-00C04F79EFBC}") = "bSeamless.DotNetProg.XAML.ResourcesAndStyles", "bSeamless.DotNetProg.XAML.ResourcesAndStyles\bSeamless.DotNetProg.XAML.ResourcesAndStyles.csproj", "{5750AF1B-A1EA-4A1C-B07C-EC3E7A4D0E1B}"
EndProject
Project("{2150E333-8FDC-42A3-9474-1A3956D46DE8}") = "6.0 - Data Binding", "6.0 - Data Binding", "{DBC12FD6-FA5E-4250-94CF-A5AAF48AB6B6}"
EndProject
Project("{FAE04EC0-301F-11D3-BF4B-00C04F79EFBC}") = "bSeamless.DotNetProg.XAML.DataBinding", "bSeamless.DotNetProg.XAML.DataBinding\bSeamless.DotNetProg.XAML.DataBinding.csproj", "{D557D691-5259-44E1-BBEE-57008153D19B}"
EndProject
Project("{FAE04EC0-301F-11D3-BF4B-00C04F79EFBC}") = "bSeamless.DotNetProg.MVVM.Core", "bSeamless.DotNetProg.MVVM.Core\bSeamless.DotNetProg.MVVM.Core.csproj", "{F581DCBE-CB4A-4142-AA8C-92C5E1E01009}"
EndProject
Project("{2150E333-8FDC-42A3-9474-1A3956D46DE8}") = "7.0 - Item Controls", "7.0 - Item Controls", "{558D6A8E-412A-4F68-A5C1-31394253661D}"
EndProject
Project("{FAE04EC0-301F-11D3-BF4B-00C04F79EFBC}") = "bSeamless.DotNetProg.XAML.ItemControls", "bSeamless.DotNetProg.XAML.ItemControls\bSeamless.DotNetProg.XAML.ItemControls.csproj", "{BBCB5F92-14AA-4897-8FD9-95BCC421D7C4}"
EndProject
Project("{FAE04EC0-301F-11D3-BF4B-00C04F79EFBC}") = "St.Eg.NHibernate.Fundies.ConsoleRunner", "St.Eg.NHibernate.Fundies.ConsoleRunner\St.Eg.NHibernate.Fundies.ConsoleRunner.csproj", "{00ED04D8-824A-43F8-BC9D-6665B266A201}"
EndProject
Project("{2150E333-8FDC-42A3-9474-1A3956D46DE8}") = "NHibernate-XSD", "NHibernate-XSD", "{18BCC448-2D83-4C38-943D-304C6D9B9AFF}"
	ProjectSection(SolutionItems) = preProject
		NHibernate-XSD\nhibernate-configuration.xsd = NHibernate-XSD\nhibernate-configuration.xsd
		NHibernate-XSD\nhibernate-mapping.xsd = NHibernate-XSD\nhibernate-mapping.xsd
	EndProjectSection
EndProject
Project("{2150E333-8FDC-42A3-9474-1A3956D46DE8}") = "01 - Fundamentals", "01 - Fundamentals", "{D4DD71F1-FE1C-4654-AE75-8F9356513588}"
EndProject
Project("{2150E333-8FDC-42A3-9474-1A3956D46DE8}") = "02 - Mapping", "02 - Mapping", "{9429EFE6-B74A-4AB9-9DD3-8DC04545CCA3}"
EndProject
Project("{FAE04EC0-301F-11D3-BF4B-00C04F79EFBC}") = "St.Eg.NHibernate.Mapping.Enums.ConsoleRunner", "St.Eg.NHibernate.Mapping.Enums.ConsoleRunner\St.Eg.NHibernate.Mapping.Enums.ConsoleRunner.csproj", "{38882009-737D-4211-A0EE-E27D6F481AAE}"
EndProject
Project("{2150E333-8FDC-42A3-9474-1A3956D46DE8}") = "03 - Relationships", "03 - Relationships", "{6C28664C-0E5C-43D5-85BE-13FD7016171A}"
EndProject
Project("{FAE04EC0-301F-11D3-BF4B-00C04F79EFBC}") = "St.Eg.NHibernate.Relationships.ConsoleRunner", "St.Eg.NHibernate.Relationships.ConsoleRunner\St.Eg.NHibernate.Relationships.ConsoleRunner.csproj", "{E685BCBA-15F1-446F-BB0D-71081E0011BF}"
EndProject
Project("{2150E333-8FDC-42A3-9474-1A3956D46DE8}") = "04 - Query", "04 - Query", "{1FCB83F8-7345-4351-AD1C-6D0A85F1B789}"
EndProject
Project("{FAE04EC0-301F-11D3-BF4B-00C04F79EFBC}") = "St.Eg.NHibernate.Query.ConsoleRunner", "St.Eg.NHibernate.Query.ConsoleRunner\St.Eg.NHibernate.Query.ConsoleRunner.csproj", "{A9EFFC8D-BF19-4E8A-A66D-7573EEAC56C6}"
EndProject
Project("{2150E333-8FDC-42A3-9474-1A3956D46DE8}") = "Day 1 - Ninject, XAML and MVVM", "Day 1 - Ninject, XAML and MVVM", "{742C3063-2822-4987-93EE-3B6E647D6610}"
EndProject
Project("{2150E333-8FDC-42A3-9474-1A3956D46DE8}") = "Day 2 - NHibernate and EF", "Day 2 - NHibernate and EF", "{1BFA0CDA-92D0-44A6-9922-7FAA6C0E117A}"
EndProject
Project("{2150E333-8FDC-42A3-9474-1A3956D46DE8}") = "Day 3 - NServiceBus", "Day 3 - NServiceBus", "{67EA0345-FC51-4C65-9F40-241522745CD0}"
EndProject
Project("{FAE04EC0-301F-11D3-BF4B-00C04F79EFBC}") = "St.Eg.Ninject.Runner", "St.Eg.Ninject.Runner\St.Eg.Ninject.Runner.csproj", "{ED8832A6-D3D2-4792-94C9-9A71AD24DE5A}"
EndProject
Project("{FAE04EC0-301F-11D3-BF4B-00C04F79EFBC}") = "bSeamless.DotNetProg.XAML.DataBindingFody", "bSeamless.DotNetProg.XAML.DataBindingFody\bSeamless.DotNetProg.XAML.DataBindingFody.csproj", "{C497C5E0-76DB-488A-AFA6-881C4A982A3D}"
EndProject
Project("{2150E333-8FDC-42A3-9474-1A3956D46DE8}") = "Demos", "Demos", "{5B091515-D464-45D2-B218-BFBCFC5D039D}"
EndProject
Project("{2150E333-8FDC-42A3-9474-1A3956D46DE8}") = "Labs", "Labs", "{2915664B-AA7F-4CCD-B803-E177054B99A0}"
EndProject
Project("{2150E333-8FDC-42A3-9474-1A3956D46DE8}") = "Demos", "Demos", "{60BCB6A5-47DA-44B7-9200-0D4C69244CA7}"
EndProject
Project("{2150E333-8FDC-42A3-9474-1A3956D46DE8}") = "Labs", "Labs", "{A134F8F0-CA8B-4BCE-A1AB-7FB37B514776}"
EndProject
Project("{2150E333-8FDC-42A3-9474-1A3956D46DE8}") = "Demos", "Demos", "{B65FA6EB-C018-403B-9F02-2C0E220B7C87}"
EndProject
Project("{2150E333-8FDC-42A3-9474-1A3956D46DE8}") = "Labs", "Labs", "{80291D14-EAF7-4BEC-A000-E6E38723CCF4}"
EndProject
Project("{2150E333-8FDC-42A3-9474-1A3956D46DE8}") = "01 - NHibernate", "01 - NHibernate", "{2904C0BA-8291-4D59-829E-AA6CECC3D7B2}"
EndProject
Project("{2150E333-8FDC-42A3-9474-1A3956D46DE8}") = "Demos", "Demos", "{BDC6AEDA-37A6-4E4D-A96D-529C22CACC78}"
EndProject
Project("{2150E333-8FDC-42A3-9474-1A3956D46DE8}") = "02 - EF", "02 - EF", "{C5EDD924-38A5-4663-95C8-C3CF6106328D}"
EndProject
Project("{2150E333-8FDC-42A3-9474-1A3956D46DE8}") = "01 - One-Way", "01 - One-Way", "{485A3BBD-0BBC-49B3-A998-419CD97BA141}"
EndProject
Project("{2150E333-8FDC-42A3-9474-1A3956D46DE8}") = "Modules", "Modules", "{3A1D5881-D716-41B6-B8D1-58D8C2267CAD}"
EndProject
Project("{2150E333-8FDC-42A3-9474-1A3956D46DE8}") = "Slides", "Slides", "{DE333555-BC00-449B-8156-FA36E9DC305F}"
	ProjectSection(SolutionItems) = preProject
		Slides\Ninject\1 - Dependency Inversion.pptx = Slides\Ninject\1 - Dependency Inversion.pptx
		Slides\Ninject\2 - Inversion of Control.pptx = Slides\Ninject\2 - Inversion of Control.pptx
		Slides\Ninject\3 - Dependency Injection.pptx = Slides\Ninject\3 - Dependency Injection.pptx
		Slides\Ninject\4 - Containers.pptx = Slides\Ninject\4 - Containers.pptx
		Slides\Ninject\5 - Ninject.pptx = Slides\Ninject\5 - Ninject.pptx
	EndProjectSection
EndProject
Project("{2150E333-8FDC-42A3-9474-1A3956D46DE8}") = "Slides", "Slides", "{D4A22F89-5075-404B-8804-17B4E632CAEE}"
	ProjectSection(SolutionItems) = preProject
		Slides\WPF and XAML\1.0 - What is WPF and XAML.pptx = Slides\WPF and XAML\1.0 - What is WPF and XAML.pptx
		Slides\WPF and XAML\2.0 - Panel Based Layout.pptx = Slides\WPF and XAML\2.0 - Panel Based Layout.pptx
		Slides\WPF and XAML\3.0 - Basic XAML Elements And Events.pptx = Slides\WPF and XAML\3.0 - Basic XAML Elements And Events.pptx
		Slides\WPF and XAML\4.0 - User Controls.pptx = Slides\WPF and XAML\4.0 - User Controls.pptx
		Slides\WPF and XAML\5.0 - Resources and Styles.pptx = Slides\WPF and XAML\5.0 - Resources and Styles.pptx
		Slides\WPF and XAML\6.0 - Data Binding.pptx = Slides\WPF and XAML\6.0 - Data Binding.pptx
		Slides\WPF and XAML\7.0 - Item Controls.pptx = Slides\WPF and XAML\7.0 - Item Controls.pptx
	EndProjectSection
EndProject
Project("{2150E333-8FDC-42A3-9474-1A3956D46DE8}") = "Slides", "Slides", "{8D68A78D-B061-4DC5-A605-B9A1D9B11F3A}"
	ProjectSection(SolutionItems) = preProject
		Slides\WPF and XAML\8.0 MVVM with XAML.pptx = Slides\WPF and XAML\8.0 MVVM with XAML.pptx
		Slides\WPF and XAML\9.0 MVVM with CaliburnMicro.pptx = Slides\WPF and XAML\9.0 MVVM with CaliburnMicro.pptx
	EndProjectSection
EndProject
Project("{2150E333-8FDC-42A3-9474-1A3956D46DE8}") = "Slides", "Slides", "{BFC7E270-228C-4472-8F03-7C35A7556A41}"
	ProjectSection(SolutionItems) = preProject
		Slides\EF\1 - Introduction to EF.pptx = Slides\EF\1 - Introduction to EF.pptx
		Slides\EF\2 - Database First.pptx = Slides\EF\2 - Database First.pptx
		Slides\EF\3 - Coding Data Operations.pptx = Slides\EF\3 - Coding Data Operations.pptx
		Slides\EF\4 - Code First.pptx = Slides\EF\4 - Code First.pptx
		Slides\EF\5 - Model First.pptx = Slides\EF\5 - Model First.pptx
	EndProjectSection
EndProject
Project("{2150E333-8FDC-42A3-9474-1A3956D46DE8}") = "Demos", "Demos", "{784F6953-5777-4858-B0D3-975E509A9715}"
EndProject
Project("{2150E333-8FDC-42A3-9474-1A3956D46DE8}") = "01 - Configure and Resolve", "01 - Configure and Resolve", "{5C40D7E8-097F-41D9-8C02-2D1875CD8FE1}"
EndProject
Project("{FAE04EC0-301F-11D3-BF4B-00C04F79EFBC}") = "ST.Lab.Ninject.ConfigureAndResolve", "ST.Lab.Ninject.ConfigureAndResolve\ST.Lab.Ninject.ConfigureAndResolve.csproj", "{8DA0E231-2DB4-4773-9C7D-D1E7931DBEBE}"
EndProject
Project("{2150E333-8FDC-42A3-9474-1A3956D46DE8}") = "01 - Create a WPF App", "01 - Create a WPF App", "{EEBA5A28-EF49-4B76-9A58-47CC3D75E03C}"
EndProject
Project("{2150E333-8FDC-42A3-9474-1A3956D46DE8}") = "02 - Place items on a Grid", "02 - Place items on a Grid", "{D6F4E26E-F041-40CF-A045-C80F5FBCDBF7}"
EndProject
Project("{2150E333-8FDC-42A3-9474-1A3956D46DE8}") = "03 - Handle a Button Click", "03 - Handle a Button Click", "{8CC61C52-60ED-44DF-B17A-4BD1D021E7B8}"
EndProject
Project("{2150E333-8FDC-42A3-9474-1A3956D46DE8}") = "04 - Apply Styles", "04 - Apply Styles", "{37343EE7-C76A-4532-B3F8-4585965514D3}"
EndProject
Project("{2150E333-8FDC-42A3-9474-1A3956D46DE8}") = "05 - Bind an Object", "05 - Bind an Object", "{0D9F497C-034A-46A5-8A82-AB4F1F24C983}"
EndProject
Project("{2150E333-8FDC-42A3-9474-1A3956D46DE8}") = "06 - Display a List of Items", "06 - Display a List of Items", "{F5AFE99B-8C61-44B5-88CB-C7F5375413CF}"
EndProject
Project("{2150E333-8FDC-42A3-9474-1A3956D46DE8}") = "01 - Using Event Aggregation", "01 - Using Event Aggregation", "{0923E706-B07D-4EBB-89D1-B9F34D240911}"
EndProject
Project("{FAE04EC0-301F-11D3-BF4B-00C04F79EFBC}") = "bSeamless.DotNetProg.Model.V1.Data", "bSeamless.DotNetProg.Model.V1.Data\bSeamless.DotNetProg.Model.V1.Data.csproj", "{18EBDD50-ECA0-467D-A183-0A44786649E1}"
EndProject
Project("{FAE04EC0-301F-11D3-BF4B-00C04F79EFBC}") = "bSeamless.DotNetProg.Model.V1.Services", "bSeamless.DotNetProg.Model.V1.Services\bSeamless.DotNetProg.Model.V1.Services.csproj", "{9C043CD2-45D7-4091-B235-DBADE293B138}"
EndProject
Project("{FAE04EC0-301F-11D3-BF4B-00C04F79EFBC}") = "bSeamless.DotNetProg.Model.V2.Data", "bSeamless.DotNetProg.Model.V2.Data\bSeamless.DotNetProg.Model.V2.Data.csproj", "{E169FA5F-67EC-4C7C-999D-34D9CA697ABB}"
EndProject
Project("{FAE04EC0-301F-11D3-BF4B-00C04F79EFBC}") = "bSeamless.DotNetProg.Model.V3.Data", "bSeamless.DotNetProg.Model.V3.Data\bSeamless.DotNetProg.Model.V3.Data.csproj", "{5408F02F-5C06-4E98-9B08-AD088A1A8FA3}"
EndProject
Project("{2150E333-8FDC-42A3-9474-1A3956D46DE8}") = "Models and Services", "Models and Services", "{F9D0A816-497A-40B1-AFB8-54CD9EB5F914}"
EndProject
Project("{2150E333-8FDC-42A3-9474-1A3956D46DE8}") = "01 - Create Model from DB", "01 - Create Model from DB", "{CBCBC275-762A-4EE8-812A-2939451E5D97}"
EndProject
Project("{2150E333-8FDC-42A3-9474-1A3956D46DE8}") = "02 - Basic Data Access", "02 - Basic Data Access", "{615D798C-899A-45D8-A23C-DBAFB01B2D17}"
	ProjectSection(SolutionItems) = preProject
		ST.Eg.EF.BasicDataAccess\packages.config = ST.Eg.EF.BasicDataAccess\packages.config
	EndProjectSection
EndProject
Project("{FAE04EC0-301F-11D3-BF4B-00C04F79EFBC}") = "ST.Eg.EF.BasicDataAccess", "ST.Eg.EF.BasicDataAccess\ST.Eg.EF.BasicDataAccess.csproj", "{C2E58F22-648B-42CE-B537-7565BE4AE497}"
EndProject
Project("{FAE04EC0-301F-11D3-BF4B-00C04F79EFBC}") = "ST.Eg.EF.BreakAwayModel", "ST.Eg.EF.BreakAwayModel\ST.Eg.EF.BreakAwayModel.csproj", "{5FE7018A-04CF-4755-B6A8-F76E5013B45E}"
EndProject
Project("{FAE04EC0-301F-11D3-BF4B-00C04F79EFBC}") = "ST.Eg.EF.BreakAwayModel2", "ST.Eg.EF.BreakAwayModel2\ST.Eg.EF.BreakAwayModel2.csproj", "{E45C9B14-4634-4FAE-B1AF-461E4A76EFA3}"
EndProject
Project("{FAE04EC0-301F-11D3-BF4B-00C04F79EFBC}") = "ST.Eg.EF.BasicDataAccess.CRUD", "ST.Eg.EF.BasicDataAccess.CRUD\ST.Eg.EF.BasicDataAccess.CRUD.csproj", "{A887DEFD-9B4C-404E-BD89-AFDDD1E6522D}"
EndProject
Project("{2150E333-8FDC-42A3-9474-1A3956D46DE8}") = "05 - Code First", "05 - Code First", "{068FE59C-9217-4FD2-AD6B-5927F4C3BBF0}"
EndProject
Project("{FAE04EC0-301F-11D3-BF4B-00C04F79EFBC}") = "ST.Eg.EF.CodeFirst.BuildDatabase", "ST.Eg.EF.CodeFirst.BuildDatabase\ST.Eg.EF.CodeFirst.BuildDatabase.csproj", "{B5B28D0F-E5D2-4AA5-8F46-8F6C425BBE12}"
EndProject
Project("{FAE04EC0-301F-11D3-BF4B-00C04F79EFBC}") = "ST.Eg.EF.CodeFirst.Model", "ST.Eg.EF.CodeFirst.Model\ST.Eg.EF.CodeFirst.Model.csproj", "{A6905587-D791-4C4F-A271-3089A7A4C5B5}"
EndProject
Project("{FAE04EC0-301F-11D3-BF4B-00C04F79EFBC}") = "ST.Eg.EF.CodeFirst.DataAccess", "ST.Eg.EF.CodeFirst.DataAccess\ST.Eg.EF.CodeFirst.DataAccess.csproj", "{71BE99E4-6765-4E5C-BBB7-9C92332E221C}"
EndProject
Project("{2150E333-8FDC-42A3-9474-1A3956D46DE8}") = "99 - Base Database", "99 - Base Database", "{444FE6D6-9264-4A72-A53A-64470D06C61D}"
	ProjectSection(SolutionItems) = preProject
		Data\DataAccess.BreakAwayContext.mdf = Data\DataAccess.BreakAwayContext.mdf
		Data\DataAccess.BreakAwayContext_log.ldf = Data\DataAccess.BreakAwayContext_log.ldf
	EndProjectSection
EndProject
Project("{2150E333-8FDC-42A3-9474-1A3956D46DE8}") = "Daily Outlines", "Daily Outlines", "{1C5742AD-977F-4806-8E2A-C9A87824C9FD}"
	ProjectSection(SolutionItems) = preProject
		Slides\0 - Intro.pptx = Slides\0 - Intro.pptx
		Daily Outlines\Day 1 - Ninject, XAML and WPF, MVVM.docx = Daily Outlines\Day 1 - Ninject, XAML and WPF, MVVM.docx
		Daily Outlines\Day 2 - NHibernate and EF.docx = Daily Outlines\Day 2 - NHibernate and EF.docx
		Daily Outlines\Day 3 - NServiceBus.docx = Daily Outlines\Day 3 - NServiceBus.docx
	EndProjectSection
EndProject
Project("{2150E333-8FDC-42A3-9474-1A3956D46DE8}") = "Gists", "Gists", "{D891E226-6E85-4EAC-9215-B04122C7D5FC}"
	ProjectSection(SolutionItems) = preProject
		Gists\DeleteAllQueuesGist.ps = Gists\DeleteAllQueuesGist.ps
	EndProjectSection
EndProject
Project("{FAE04EC0-301F-11D3-BF4B-00C04F79EFBC}") = "App1", "App1\App1.csproj", "{C786D383-9225-4662-A69F-3C20B790B82A}"
EndProject
Project("{FAE04EC0-301F-11D3-BF4B-00C04F79EFBC}") = "ST.Eg.NSB.First.Client", "ST.Eg.NSB.First.Client\ST.Eg.NSB.First.Client.csproj", "{AF1A817A-B6C3-4B9D-85EF-7B8BCC93C1C0}"
EndProject
Project("{FAE04EC0-301F-11D3-BF4B-00C04F79EFBC}") = "ST.Eg.NSB.First.Messages", "ST.Eg.NSB.First.Messages\ST.Eg.NSB.First.Messages.csproj", "{9C3DDE8F-C9F6-491D-93D0-6E3AAE8402DE}"
EndProject
Project("{FAE04EC0-301F-11D3-BF4B-00C04F79EFBC}") = "ST.Eg.NSB.First.Server", "ST.Eg.NSB.First.Server\ST.Eg.NSB.First.Server.csproj", "{2427BA15-9104-402E-A4AB-36F4AC18FBC9}"
EndProject
Project("{2150E333-8FDC-42A3-9474-1A3956D46DE8}") = "02 - PubSub", "02 - PubSub", "{4DA549EB-1988-4AC1-927B-67431D74BA93}"
EndProject
Project("{FAE04EC0-301F-11D3-BF4B-00C04F79EFBC}") = "ST.Eg.NSB.PubSub.Subscriber.Core", "ST.Eg.NSB.PubSub.Subscriber.Core\ST.Eg.NSB.PubSub.Subscriber.Core.csproj", "{1F61128D-4E1D-401F-9BA3-C97582188A3E}"
EndProject
Project("{FAE04EC0-301F-11D3-BF4B-00C04F79EFBC}") = "ST.Eg.NSB.PubSub.Subscriber2", "ST.Eg.NSB.PubSub.Subscriber2\ST.Eg.NSB.PubSub.Subscriber2.csproj", "{F0ED8B4B-6513-457F-BCB5-3DA856D4C8F0}"
EndProject
Project("{FAE04EC0-301F-11D3-BF4B-00C04F79EFBC}") = "ST.Eg.NSB.PubSub.Publisher", "ST.Eg.NSB.PubSub.Publisher\ST.Eg.NSB.PubSub.Publisher.csproj", "{3B26196C-A331-4626-ACF5-842675CD097D}"
EndProject
Project("{FAE04EC0-301F-11D3-BF4B-00C04F79EFBC}") = "ST.Eg.NSB.PubSub.Messages", "ST.Eg.NSB.PubSub.Messages\ST.Eg.NSB.PubSub.Messages.csproj", "{49805C4F-8FB8-4FAE-BC80-D63B870E6E87}"
EndProject
Project("{FAE04EC0-301F-11D3-BF4B-00C04F79EFBC}") = "ST.Eg.NSB.PubSub.Subscriber1", "ST.Eg.NSB.PubSub.Subscriber1\ST.Eg.NSB.PubSub.Subscriber1.csproj", "{88858E10-4747-4510-8E94-34610931CD93}"
EndProject
Project("{FAE04EC0-301F-11D3-BF4B-00C04F79EFBC}") = "ST.Eg.NSB.PubSub.Common", "ST.Eg.NSB.PubSub.Common\ST.Eg.NSB.PubSub.Common.csproj", "{9CFC6183-5D1A-4EF0-AF86-54FE0B427E43}"
EndProject
Project("{2150E333-8FDC-42A3-9474-1A3956D46DE8}") = "03 - Full Duplex", "03 - Full Duplex", "{1FA6CC73-4F5F-4511-A2B9-4675D4C5258A}"
EndProject
Project("{FAE04EC0-301F-11D3-BF4B-00C04F79EFBC}") = "ST.Eg.NSB.FullDuplex.Shared", "ST.Eg.NSB.FullDuplex.Shared\ST.Eg.NSB.FullDuplex.Shared.csproj", "{B644A608-B281-449A-94BC-EE1F1EA7A884}"
EndProject
Project("{FAE04EC0-301F-11D3-BF4B-00C04F79EFBC}") = "ST.Eg.NSB.FullDuplex.Server", "ST.Eg.NSB.FullDuplex.Server\ST.Eg.NSB.FullDuplex.Server.csproj", "{E7880DA0-278D-4E97-AB42-84E13C649FBC}"
EndProject
Project("{FAE04EC0-301F-11D3-BF4B-00C04F79EFBC}") = "ST.Eg.NSB.FullDuplex.Client", "ST.Eg.NSB.FullDuplex.Client\ST.Eg.NSB.FullDuplex.Client.csproj", "{0CF77B33-EC3E-4903-BC52-BFC756DE5803}"
EndProject
Project("{FAE04EC0-301F-11D3-BF4B-00C04F79EFBC}") = "ST.Eg.EF.AdvantureWorksDBFirst", "ST.Eg.EF.AdvantureWorksDBFirst\ST.Eg.EF.AdvantureWorksDBFirst.csproj", "{D2A2138E-B680-4C6A-8ACA-10133E47E927}"
EndProject
Project("{2150E333-8FDC-42A3-9474-1A3956D46DE8}") = "Slides", "Slides", "{ADC27D35-A930-45CF-B7F1-E700B289BEA3}"
	ProjectSection(SolutionItems) = preProject
		Slides\NHibernate\1 - Overview and Fundamentals.pptx = Slides\NHibernate\1 - Overview and Fundamentals.pptx
		Slides\NHibernate\2 - Mapping Concepts.pptx = Slides\NHibernate\2 - Mapping Concepts.pptx
		Slides\NHibernate\3 - Relationships.pptx = Slides\NHibernate\3 - Relationships.pptx
		Slides\NHibernate\4 - Querying.pptx = Slides\NHibernate\4 - Querying.pptx
	EndProjectSection
EndProject
Project("{2150E333-8FDC-42A3-9474-1A3956D46DE8}") = "Slides", "Slides", "{2940F363-4EC4-4F5E-A0A5-59AF06EF9BF4}"
	ProjectSection(SolutionItems) = preProject
		Slides\0 - ORM Intro.pptx = Slides\0 - ORM Intro.pptx
	EndProjectSection
EndProject
Project("{FAE04EC0-301F-11D3-BF4B-00C04F79EFBC}") = "St.Eg.NHibernate.Domain", "St.Eg.NHibernate.Domain\St.Eg.NHibernate.Domain.csproj", "{C97B0D77-9872-4BCB-BC25-DB6A94FB907A}"
EndProject
Project("{FAE04EC0-301F-11D3-BF4B-00C04F79EFBC}") = "St.Eg.NHibernate.FluentMappings", "St.Eg.NHibernate.FluentMappings\St.Eg.NHibernate.FluentMappings.csproj", "{FE7377CD-8F77-49CA-9CEA-4CC1458BC63E}"
EndProject
Global
	GlobalSection(SolutionConfigurationPlatforms) = preSolution
		Debug|Any CPU = Debug|Any CPU
		Debug|Mixed Platforms = Debug|Mixed Platforms
		Debug|x86 = Debug|x86
		Release|Any CPU = Release|Any CPU
		Release|Mixed Platforms = Release|Mixed Platforms
		Release|x86 = Release|x86
	EndGlobalSection
	GlobalSection(ProjectConfigurationPlatforms) = postSolution
		{FE0982C4-CF8E-41D0-96F7-A1819ECB9D2B}.Debug|Any CPU.ActiveCfg = Debug|Any CPU
		{FE0982C4-CF8E-41D0-96F7-A1819ECB9D2B}.Debug|Any CPU.Build.0 = Debug|Any CPU
		{FE0982C4-CF8E-41D0-96F7-A1819ECB9D2B}.Debug|Mixed Platforms.ActiveCfg = Debug|Any CPU
		{FE0982C4-CF8E-41D0-96F7-A1819ECB9D2B}.Debug|Mixed Platforms.Build.0 = Debug|Any CPU
		{FE0982C4-CF8E-41D0-96F7-A1819ECB9D2B}.Debug|x86.ActiveCfg = Debug|Any CPU
		{FE0982C4-CF8E-41D0-96F7-A1819ECB9D2B}.Release|Any CPU.ActiveCfg = Release|Any CPU
		{FE0982C4-CF8E-41D0-96F7-A1819ECB9D2B}.Release|Any CPU.Build.0 = Release|Any CPU
		{FE0982C4-CF8E-41D0-96F7-A1819ECB9D2B}.Release|Mixed Platforms.ActiveCfg = Release|Any CPU
		{FE0982C4-CF8E-41D0-96F7-A1819ECB9D2B}.Release|Mixed Platforms.Build.0 = Release|Any CPU
		{FE0982C4-CF8E-41D0-96F7-A1819ECB9D2B}.Release|x86.ActiveCfg = Release|Any CPU
		{EFB4C9DD-9BB9-4E9D-B112-E51C274574B5}.Debug|Any CPU.ActiveCfg = Debug|Any CPU
		{EFB4C9DD-9BB9-4E9D-B112-E51C274574B5}.Debug|Any CPU.Build.0 = Debug|Any CPU
		{EFB4C9DD-9BB9-4E9D-B112-E51C274574B5}.Debug|Mixed Platforms.ActiveCfg = Debug|Any CPU
		{EFB4C9DD-9BB9-4E9D-B112-E51C274574B5}.Debug|Mixed Platforms.Build.0 = Debug|Any CPU
		{EFB4C9DD-9BB9-4E9D-B112-E51C274574B5}.Debug|x86.ActiveCfg = Debug|Any CPU
		{EFB4C9DD-9BB9-4E9D-B112-E51C274574B5}.Release|Any CPU.ActiveCfg = Release|Any CPU
		{EFB4C9DD-9BB9-4E9D-B112-E51C274574B5}.Release|Any CPU.Build.0 = Release|Any CPU
		{EFB4C9DD-9BB9-4E9D-B112-E51C274574B5}.Release|Mixed Platforms.ActiveCfg = Release|Any CPU
		{EFB4C9DD-9BB9-4E9D-B112-E51C274574B5}.Release|Mixed Platforms.Build.0 = Release|Any CPU
		{EFB4C9DD-9BB9-4E9D-B112-E51C274574B5}.Release|x86.ActiveCfg = Release|Any CPU
		{37ED0098-4DFE-4AD8-A41E-E55476813694}.Debug|Any CPU.ActiveCfg = Debug|Any CPU
		{37ED0098-4DFE-4AD8-A41E-E55476813694}.Debug|Any CPU.Build.0 = Debug|Any CPU
		{37ED0098-4DFE-4AD8-A41E-E55476813694}.Debug|Mixed Platforms.ActiveCfg = Debug|Any CPU
		{37ED0098-4DFE-4AD8-A41E-E55476813694}.Debug|Mixed Platforms.Build.0 = Debug|Any CPU
		{37ED0098-4DFE-4AD8-A41E-E55476813694}.Debug|x86.ActiveCfg = Debug|Any CPU
		{37ED0098-4DFE-4AD8-A41E-E55476813694}.Release|Any CPU.ActiveCfg = Release|Any CPU
		{37ED0098-4DFE-4AD8-A41E-E55476813694}.Release|Any CPU.Build.0 = Release|Any CPU
		{37ED0098-4DFE-4AD8-A41E-E55476813694}.Release|Mixed Platforms.ActiveCfg = Release|Any CPU
		{37ED0098-4DFE-4AD8-A41E-E55476813694}.Release|Mixed Platforms.Build.0 = Release|Any CPU
		{37ED0098-4DFE-4AD8-A41E-E55476813694}.Release|x86.ActiveCfg = Release|Any CPU
		{57004B7B-BBE8-4966-8FC0-F05965CC44F1}.Debug|Any CPU.ActiveCfg = Debug|Any CPU
		{57004B7B-BBE8-4966-8FC0-F05965CC44F1}.Debug|Any CPU.Build.0 = Debug|Any CPU
		{57004B7B-BBE8-4966-8FC0-F05965CC44F1}.Debug|Mixed Platforms.ActiveCfg = Debug|Any CPU
		{57004B7B-BBE8-4966-8FC0-F05965CC44F1}.Debug|Mixed Platforms.Build.0 = Debug|Any CPU
		{57004B7B-BBE8-4966-8FC0-F05965CC44F1}.Debug|x86.ActiveCfg = Debug|Any CPU
		{57004B7B-BBE8-4966-8FC0-F05965CC44F1}.Release|Any CPU.ActiveCfg = Release|Any CPU
		{57004B7B-BBE8-4966-8FC0-F05965CC44F1}.Release|Any CPU.Build.0 = Release|Any CPU
		{57004B7B-BBE8-4966-8FC0-F05965CC44F1}.Release|Mixed Platforms.ActiveCfg = Release|Any CPU
		{57004B7B-BBE8-4966-8FC0-F05965CC44F1}.Release|Mixed Platforms.Build.0 = Release|Any CPU
		{57004B7B-BBE8-4966-8FC0-F05965CC44F1}.Release|x86.ActiveCfg = Release|Any CPU
		{C4191430-DEF4-4A30-BCD7-71E89F2EEDDD}.Debug|Any CPU.ActiveCfg = Debug|Any CPU
		{C4191430-DEF4-4A30-BCD7-71E89F2EEDDD}.Debug|Any CPU.Build.0 = Debug|Any CPU
		{C4191430-DEF4-4A30-BCD7-71E89F2EEDDD}.Debug|Mixed Platforms.ActiveCfg = Debug|Any CPU
		{C4191430-DEF4-4A30-BCD7-71E89F2EEDDD}.Debug|Mixed Platforms.Build.0 = Debug|Any CPU
		{C4191430-DEF4-4A30-BCD7-71E89F2EEDDD}.Debug|x86.ActiveCfg = Debug|Any CPU
		{C4191430-DEF4-4A30-BCD7-71E89F2EEDDD}.Release|Any CPU.ActiveCfg = Release|Any CPU
		{C4191430-DEF4-4A30-BCD7-71E89F2EEDDD}.Release|Any CPU.Build.0 = Release|Any CPU
		{C4191430-DEF4-4A30-BCD7-71E89F2EEDDD}.Release|Mixed Platforms.ActiveCfg = Release|Any CPU
		{C4191430-DEF4-4A30-BCD7-71E89F2EEDDD}.Release|Mixed Platforms.Build.0 = Release|Any CPU
		{C4191430-DEF4-4A30-BCD7-71E89F2EEDDD}.Release|x86.ActiveCfg = Release|Any CPU
		{DC6E32AA-0560-4DB4-8A53-27F77AC5E635}.Debug|Any CPU.ActiveCfg = Debug|Any CPU
		{DC6E32AA-0560-4DB4-8A53-27F77AC5E635}.Debug|Any CPU.Build.0 = Debug|Any CPU
		{DC6E32AA-0560-4DB4-8A53-27F77AC5E635}.Debug|Mixed Platforms.ActiveCfg = Debug|Any CPU
		{DC6E32AA-0560-4DB4-8A53-27F77AC5E635}.Debug|Mixed Platforms.Build.0 = Debug|Any CPU
		{DC6E32AA-0560-4DB4-8A53-27F77AC5E635}.Debug|x86.ActiveCfg = Debug|Any CPU
		{DC6E32AA-0560-4DB4-8A53-27F77AC5E635}.Release|Any CPU.ActiveCfg = Release|Any CPU
		{DC6E32AA-0560-4DB4-8A53-27F77AC5E635}.Release|Any CPU.Build.0 = Release|Any CPU
		{DC6E32AA-0560-4DB4-8A53-27F77AC5E635}.Release|Mixed Platforms.ActiveCfg = Release|Any CPU
		{DC6E32AA-0560-4DB4-8A53-27F77AC5E635}.Release|Mixed Platforms.Build.0 = Release|Any CPU
		{DC6E32AA-0560-4DB4-8A53-27F77AC5E635}.Release|x86.ActiveCfg = Release|Any CPU
		{14FA588B-D4DC-4856-BBE9-838C3591C8A3}.Debug|Any CPU.ActiveCfg = Debug|Any CPU
		{14FA588B-D4DC-4856-BBE9-838C3591C8A3}.Debug|Any CPU.Build.0 = Debug|Any CPU
		{14FA588B-D4DC-4856-BBE9-838C3591C8A3}.Debug|Mixed Platforms.ActiveCfg = Debug|Any CPU
		{14FA588B-D4DC-4856-BBE9-838C3591C8A3}.Debug|Mixed Platforms.Build.0 = Debug|Any CPU
		{14FA588B-D4DC-4856-BBE9-838C3591C8A3}.Debug|x86.ActiveCfg = Debug|Any CPU
		{14FA588B-D4DC-4856-BBE9-838C3591C8A3}.Release|Any CPU.ActiveCfg = Release|Any CPU
		{14FA588B-D4DC-4856-BBE9-838C3591C8A3}.Release|Any CPU.Build.0 = Release|Any CPU
		{14FA588B-D4DC-4856-BBE9-838C3591C8A3}.Release|Mixed Platforms.ActiveCfg = Release|Any CPU
		{14FA588B-D4DC-4856-BBE9-838C3591C8A3}.Release|Mixed Platforms.Build.0 = Release|Any CPU
		{14FA588B-D4DC-4856-BBE9-838C3591C8A3}.Release|x86.ActiveCfg = Release|Any CPU
		{F400C272-EB51-40BC-860D-915D65FBD1E0}.Debug|Any CPU.ActiveCfg = Debug|Any CPU
		{F400C272-EB51-40BC-860D-915D65FBD1E0}.Debug|Any CPU.Build.0 = Debug|Any CPU
		{F400C272-EB51-40BC-860D-915D65FBD1E0}.Debug|Mixed Platforms.ActiveCfg = Debug|Any CPU
		{F400C272-EB51-40BC-860D-915D65FBD1E0}.Debug|Mixed Platforms.Build.0 = Debug|Any CPU
		{F400C272-EB51-40BC-860D-915D65FBD1E0}.Debug|x86.ActiveCfg = Debug|Any CPU
		{F400C272-EB51-40BC-860D-915D65FBD1E0}.Release|Any CPU.ActiveCfg = Release|Any CPU
		{F400C272-EB51-40BC-860D-915D65FBD1E0}.Release|Any CPU.Build.0 = Release|Any CPU
		{F400C272-EB51-40BC-860D-915D65FBD1E0}.Release|Mixed Platforms.ActiveCfg = Release|Any CPU
		{F400C272-EB51-40BC-860D-915D65FBD1E0}.Release|Mixed Platforms.Build.0 = Release|Any CPU
		{F400C272-EB51-40BC-860D-915D65FBD1E0}.Release|x86.ActiveCfg = Release|Any CPU
		{F9AE617D-3B87-4642-BDC0-F2286D9703B8}.Debug|Any CPU.ActiveCfg = Debug|Any CPU
		{F9AE617D-3B87-4642-BDC0-F2286D9703B8}.Debug|Any CPU.Build.0 = Debug|Any CPU
		{F9AE617D-3B87-4642-BDC0-F2286D9703B8}.Debug|Mixed Platforms.ActiveCfg = Debug|Any CPU
		{F9AE617D-3B87-4642-BDC0-F2286D9703B8}.Debug|Mixed Platforms.Build.0 = Debug|Any CPU
		{F9AE617D-3B87-4642-BDC0-F2286D9703B8}.Debug|x86.ActiveCfg = Debug|Any CPU
		{F9AE617D-3B87-4642-BDC0-F2286D9703B8}.Release|Any CPU.ActiveCfg = Release|Any CPU
		{F9AE617D-3B87-4642-BDC0-F2286D9703B8}.Release|Any CPU.Build.0 = Release|Any CPU
		{F9AE617D-3B87-4642-BDC0-F2286D9703B8}.Release|Mixed Platforms.ActiveCfg = Release|Any CPU
		{F9AE617D-3B87-4642-BDC0-F2286D9703B8}.Release|Mixed Platforms.Build.0 = Release|Any CPU
		{F9AE617D-3B87-4642-BDC0-F2286D9703B8}.Release|x86.ActiveCfg = Release|Any CPU
		{5750AF1B-A1EA-4A1C-B07C-EC3E7A4D0E1B}.Debug|Any CPU.ActiveCfg = Debug|Any CPU
		{5750AF1B-A1EA-4A1C-B07C-EC3E7A4D0E1B}.Debug|Any CPU.Build.0 = Debug|Any CPU
		{5750AF1B-A1EA-4A1C-B07C-EC3E7A4D0E1B}.Debug|Mixed Platforms.ActiveCfg = Debug|Any CPU
		{5750AF1B-A1EA-4A1C-B07C-EC3E7A4D0E1B}.Debug|Mixed Platforms.Build.0 = Debug|Any CPU
		{5750AF1B-A1EA-4A1C-B07C-EC3E7A4D0E1B}.Debug|x86.ActiveCfg = Debug|Any CPU
		{5750AF1B-A1EA-4A1C-B07C-EC3E7A4D0E1B}.Release|Any CPU.ActiveCfg = Release|Any CPU
		{5750AF1B-A1EA-4A1C-B07C-EC3E7A4D0E1B}.Release|Any CPU.Build.0 = Release|Any CPU
		{5750AF1B-A1EA-4A1C-B07C-EC3E7A4D0E1B}.Release|Mixed Platforms.ActiveCfg = Release|Any CPU
		{5750AF1B-A1EA-4A1C-B07C-EC3E7A4D0E1B}.Release|Mixed Platforms.Build.0 = Release|Any CPU
		{5750AF1B-A1EA-4A1C-B07C-EC3E7A4D0E1B}.Release|x86.ActiveCfg = Release|Any CPU
		{D557D691-5259-44E1-BBEE-57008153D19B}.Debug|Any CPU.ActiveCfg = Debug|Any CPU
		{D557D691-5259-44E1-BBEE-57008153D19B}.Debug|Any CPU.Build.0 = Debug|Any CPU
		{D557D691-5259-44E1-BBEE-57008153D19B}.Debug|Mixed Platforms.ActiveCfg = Debug|Any CPU
		{D557D691-5259-44E1-BBEE-57008153D19B}.Debug|Mixed Platforms.Build.0 = Debug|Any CPU
		{D557D691-5259-44E1-BBEE-57008153D19B}.Debug|x86.ActiveCfg = Debug|Any CPU
		{D557D691-5259-44E1-BBEE-57008153D19B}.Release|Any CPU.ActiveCfg = Release|Any CPU
		{D557D691-5259-44E1-BBEE-57008153D19B}.Release|Any CPU.Build.0 = Release|Any CPU
		{D557D691-5259-44E1-BBEE-57008153D19B}.Release|Mixed Platforms.ActiveCfg = Release|Any CPU
		{D557D691-5259-44E1-BBEE-57008153D19B}.Release|Mixed Platforms.Build.0 = Release|Any CPU
		{D557D691-5259-44E1-BBEE-57008153D19B}.Release|x86.ActiveCfg = Release|Any CPU
		{F581DCBE-CB4A-4142-AA8C-92C5E1E01009}.Debug|Any CPU.ActiveCfg = Debug|Any CPU
		{F581DCBE-CB4A-4142-AA8C-92C5E1E01009}.Debug|Any CPU.Build.0 = Debug|Any CPU
		{F581DCBE-CB4A-4142-AA8C-92C5E1E01009}.Debug|Mixed Platforms.ActiveCfg = Debug|Any CPU
		{F581DCBE-CB4A-4142-AA8C-92C5E1E01009}.Debug|Mixed Platforms.Build.0 = Debug|Any CPU
		{F581DCBE-CB4A-4142-AA8C-92C5E1E01009}.Debug|x86.ActiveCfg = Debug|Any CPU
		{F581DCBE-CB4A-4142-AA8C-92C5E1E01009}.Release|Any CPU.ActiveCfg = Release|Any CPU
		{F581DCBE-CB4A-4142-AA8C-92C5E1E01009}.Release|Any CPU.Build.0 = Release|Any CPU
		{F581DCBE-CB4A-4142-AA8C-92C5E1E01009}.Release|Mixed Platforms.ActiveCfg = Release|Any CPU
		{F581DCBE-CB4A-4142-AA8C-92C5E1E01009}.Release|Mixed Platforms.Build.0 = Release|Any CPU
		{F581DCBE-CB4A-4142-AA8C-92C5E1E01009}.Release|x86.ActiveCfg = Release|Any CPU
		{BBCB5F92-14AA-4897-8FD9-95BCC421D7C4}.Debug|Any CPU.ActiveCfg = Debug|Any CPU
		{BBCB5F92-14AA-4897-8FD9-95BCC421D7C4}.Debug|Any CPU.Build.0 = Debug|Any CPU
		{BBCB5F92-14AA-4897-8FD9-95BCC421D7C4}.Debug|Mixed Platforms.ActiveCfg = Debug|Any CPU
		{BBCB5F92-14AA-4897-8FD9-95BCC421D7C4}.Debug|Mixed Platforms.Build.0 = Debug|Any CPU
		{BBCB5F92-14AA-4897-8FD9-95BCC421D7C4}.Debug|x86.ActiveCfg = Debug|Any CPU
		{BBCB5F92-14AA-4897-8FD9-95BCC421D7C4}.Release|Any CPU.ActiveCfg = Release|Any CPU
		{BBCB5F92-14AA-4897-8FD9-95BCC421D7C4}.Release|Any CPU.Build.0 = Release|Any CPU
		{BBCB5F92-14AA-4897-8FD9-95BCC421D7C4}.Release|Mixed Platforms.ActiveCfg = Release|Any CPU
		{BBCB5F92-14AA-4897-8FD9-95BCC421D7C4}.Release|Mixed Platforms.Build.0 = Release|Any CPU
		{BBCB5F92-14AA-4897-8FD9-95BCC421D7C4}.Release|x86.ActiveCfg = Release|Any CPU
		{00ED04D8-824A-43F8-BC9D-6665B266A201}.Debug|Any CPU.ActiveCfg = Debug|Any CPU
		{00ED04D8-824A-43F8-BC9D-6665B266A201}.Debug|Any CPU.Build.0 = Debug|Any CPU
		{00ED04D8-824A-43F8-BC9D-6665B266A201}.Debug|Mixed Platforms.ActiveCfg = Debug|Any CPU
		{00ED04D8-824A-43F8-BC9D-6665B266A201}.Debug|Mixed Platforms.Build.0 = Debug|Any CPU
		{00ED04D8-824A-43F8-BC9D-6665B266A201}.Debug|x86.ActiveCfg = Debug|Any CPU
		{00ED04D8-824A-43F8-BC9D-6665B266A201}.Release|Any CPU.ActiveCfg = Release|Any CPU
		{00ED04D8-824A-43F8-BC9D-6665B266A201}.Release|Any CPU.Build.0 = Release|Any CPU
		{00ED04D8-824A-43F8-BC9D-6665B266A201}.Release|Mixed Platforms.ActiveCfg = Release|Any CPU
		{00ED04D8-824A-43F8-BC9D-6665B266A201}.Release|Mixed Platforms.Build.0 = Release|Any CPU
		{00ED04D8-824A-43F8-BC9D-6665B266A201}.Release|x86.ActiveCfg = Release|Any CPU
		{38882009-737D-4211-A0EE-E27D6F481AAE}.Debug|Any CPU.ActiveCfg = Debug|Any CPU
		{38882009-737D-4211-A0EE-E27D6F481AAE}.Debug|Any CPU.Build.0 = Debug|Any CPU
		{38882009-737D-4211-A0EE-E27D6F481AAE}.Debug|Mixed Platforms.ActiveCfg = Debug|Any CPU
		{38882009-737D-4211-A0EE-E27D6F481AAE}.Debug|Mixed Platforms.Build.0 = Debug|Any CPU
		{38882009-737D-4211-A0EE-E27D6F481AAE}.Debug|x86.ActiveCfg = Debug|Any CPU
		{38882009-737D-4211-A0EE-E27D6F481AAE}.Release|Any CPU.ActiveCfg = Release|Any CPU
		{38882009-737D-4211-A0EE-E27D6F481AAE}.Release|Any CPU.Build.0 = Release|Any CPU
		{38882009-737D-4211-A0EE-E27D6F481AAE}.Release|Mixed Platforms.ActiveCfg = Release|Any CPU
		{38882009-737D-4211-A0EE-E27D6F481AAE}.Release|Mixed Platforms.Build.0 = Release|Any CPU
		{38882009-737D-4211-A0EE-E27D6F481AAE}.Release|x86.ActiveCfg = Release|Any CPU
		{E685BCBA-15F1-446F-BB0D-71081E0011BF}.Debug|Any CPU.ActiveCfg = Debug|Any CPU
		{E685BCBA-15F1-446F-BB0D-71081E0011BF}.Debug|Any CPU.Build.0 = Debug|Any CPU
		{E685BCBA-15F1-446F-BB0D-71081E0011BF}.Debug|Mixed Platforms.ActiveCfg = Debug|Any CPU
		{E685BCBA-15F1-446F-BB0D-71081E0011BF}.Debug|Mixed Platforms.Build.0 = Debug|Any CPU
		{E685BCBA-15F1-446F-BB0D-71081E0011BF}.Debug|x86.ActiveCfg = Debug|Any CPU
		{E685BCBA-15F1-446F-BB0D-71081E0011BF}.Release|Any CPU.ActiveCfg = Release|Any CPU
		{E685BCBA-15F1-446F-BB0D-71081E0011BF}.Release|Any CPU.Build.0 = Release|Any CPU
		{E685BCBA-15F1-446F-BB0D-71081E0011BF}.Release|Mixed Platforms.ActiveCfg = Release|Any CPU
		{E685BCBA-15F1-446F-BB0D-71081E0011BF}.Release|Mixed Platforms.Build.0 = Release|Any CPU
		{E685BCBA-15F1-446F-BB0D-71081E0011BF}.Release|x86.ActiveCfg = Release|Any CPU
		{A9EFFC8D-BF19-4E8A-A66D-7573EEAC56C6}.Debug|Any CPU.ActiveCfg = Debug|Any CPU
		{A9EFFC8D-BF19-4E8A-A66D-7573EEAC56C6}.Debug|Any CPU.Build.0 = Debug|Any CPU
		{A9EFFC8D-BF19-4E8A-A66D-7573EEAC56C6}.Debug|Mixed Platforms.ActiveCfg = Debug|Any CPU
		{A9EFFC8D-BF19-4E8A-A66D-7573EEAC56C6}.Debug|Mixed Platforms.Build.0 = Debug|Any CPU
		{A9EFFC8D-BF19-4E8A-A66D-7573EEAC56C6}.Debug|x86.ActiveCfg = Debug|Any CPU
		{A9EFFC8D-BF19-4E8A-A66D-7573EEAC56C6}.Release|Any CPU.ActiveCfg = Release|Any CPU
		{A9EFFC8D-BF19-4E8A-A66D-7573EEAC56C6}.Release|Any CPU.Build.0 = Release|Any CPU
		{A9EFFC8D-BF19-4E8A-A66D-7573EEAC56C6}.Release|Mixed Platforms.ActiveCfg = Release|Any CPU
		{A9EFFC8D-BF19-4E8A-A66D-7573EEAC56C6}.Release|Mixed Platforms.Build.0 = Release|Any CPU
		{A9EFFC8D-BF19-4E8A-A66D-7573EEAC56C6}.Release|x86.ActiveCfg = Release|Any CPU
		{ED8832A6-D3D2-4792-94C9-9A71AD24DE5A}.Debug|Any CPU.ActiveCfg = Debug|Any CPU
		{ED8832A6-D3D2-4792-94C9-9A71AD24DE5A}.Debug|Any CPU.Build.0 = Debug|Any CPU
		{ED8832A6-D3D2-4792-94C9-9A71AD24DE5A}.Debug|Mixed Platforms.ActiveCfg = Debug|Any CPU
		{ED8832A6-D3D2-4792-94C9-9A71AD24DE5A}.Debug|Mixed Platforms.Build.0 = Debug|Any CPU
		{ED8832A6-D3D2-4792-94C9-9A71AD24DE5A}.Debug|x86.ActiveCfg = Debug|Any CPU
		{ED8832A6-D3D2-4792-94C9-9A71AD24DE5A}.Release|Any CPU.ActiveCfg = Release|Any CPU
		{ED8832A6-D3D2-4792-94C9-9A71AD24DE5A}.Release|Any CPU.Build.0 = Release|Any CPU
		{ED8832A6-D3D2-4792-94C9-9A71AD24DE5A}.Release|Mixed Platforms.ActiveCfg = Release|Any CPU
		{ED8832A6-D3D2-4792-94C9-9A71AD24DE5A}.Release|Mixed Platforms.Build.0 = Release|Any CPU
		{ED8832A6-D3D2-4792-94C9-9A71AD24DE5A}.Release|x86.ActiveCfg = Release|Any CPU
		{C497C5E0-76DB-488A-AFA6-881C4A982A3D}.Debug|Any CPU.ActiveCfg = Debug|Any CPU
		{C497C5E0-76DB-488A-AFA6-881C4A982A3D}.Debug|Any CPU.Build.0 = Debug|Any CPU
		{C497C5E0-76DB-488A-AFA6-881C4A982A3D}.Debug|Mixed Platforms.ActiveCfg = Debug|Any CPU
		{C497C5E0-76DB-488A-AFA6-881C4A982A3D}.Debug|Mixed Platforms.Build.0 = Debug|Any CPU
		{C497C5E0-76DB-488A-AFA6-881C4A982A3D}.Debug|x86.ActiveCfg = Debug|Any CPU
		{C497C5E0-76DB-488A-AFA6-881C4A982A3D}.Release|Any CPU.ActiveCfg = Release|Any CPU
		{C497C5E0-76DB-488A-AFA6-881C4A982A3D}.Release|Any CPU.Build.0 = Release|Any CPU
		{C497C5E0-76DB-488A-AFA6-881C4A982A3D}.Release|Mixed Platforms.ActiveCfg = Release|Any CPU
		{C497C5E0-76DB-488A-AFA6-881C4A982A3D}.Release|Mixed Platforms.Build.0 = Release|Any CPU
		{C497C5E0-76DB-488A-AFA6-881C4A982A3D}.Release|x86.ActiveCfg = Release|Any CPU
		{8DA0E231-2DB4-4773-9C7D-D1E7931DBEBE}.Debug|Any CPU.ActiveCfg = Debug|Any CPU
		{8DA0E231-2DB4-4773-9C7D-D1E7931DBEBE}.Debug|Any CPU.Build.0 = Debug|Any CPU
		{8DA0E231-2DB4-4773-9C7D-D1E7931DBEBE}.Debug|Mixed Platforms.ActiveCfg = Debug|Any CPU
		{8DA0E231-2DB4-4773-9C7D-D1E7931DBEBE}.Debug|Mixed Platforms.Build.0 = Debug|Any CPU
		{8DA0E231-2DB4-4773-9C7D-D1E7931DBEBE}.Debug|x86.ActiveCfg = Debug|Any CPU
		{8DA0E231-2DB4-4773-9C7D-D1E7931DBEBE}.Release|Any CPU.ActiveCfg = Release|Any CPU
		{8DA0E231-2DB4-4773-9C7D-D1E7931DBEBE}.Release|Any CPU.Build.0 = Release|Any CPU
		{8DA0E231-2DB4-4773-9C7D-D1E7931DBEBE}.Release|Mixed Platforms.ActiveCfg = Release|Any CPU
		{8DA0E231-2DB4-4773-9C7D-D1E7931DBEBE}.Release|Mixed Platforms.Build.0 = Release|Any CPU
		{8DA0E231-2DB4-4773-9C7D-D1E7931DBEBE}.Release|x86.ActiveCfg = Release|Any CPU
		{18EBDD50-ECA0-467D-A183-0A44786649E1}.Debug|Any CPU.ActiveCfg = Debug|Any CPU
		{18EBDD50-ECA0-467D-A183-0A44786649E1}.Debug|Any CPU.Build.0 = Debug|Any CPU
		{18EBDD50-ECA0-467D-A183-0A44786649E1}.Debug|Mixed Platforms.ActiveCfg = Debug|Any CPU
		{18EBDD50-ECA0-467D-A183-0A44786649E1}.Debug|Mixed Platforms.Build.0 = Debug|Any CPU
		{18EBDD50-ECA0-467D-A183-0A44786649E1}.Debug|x86.ActiveCfg = Debug|Any CPU
		{18EBDD50-ECA0-467D-A183-0A44786649E1}.Release|Any CPU.ActiveCfg = Release|Any CPU
		{18EBDD50-ECA0-467D-A183-0A44786649E1}.Release|Any CPU.Build.0 = Release|Any CPU
		{18EBDD50-ECA0-467D-A183-0A44786649E1}.Release|Mixed Platforms.ActiveCfg = Release|Any CPU
		{18EBDD50-ECA0-467D-A183-0A44786649E1}.Release|Mixed Platforms.Build.0 = Release|Any CPU
		{18EBDD50-ECA0-467D-A183-0A44786649E1}.Release|x86.ActiveCfg = Release|Any CPU
		{9C043CD2-45D7-4091-B235-DBADE293B138}.Debug|Any CPU.ActiveCfg = Debug|Any CPU
		{9C043CD2-45D7-4091-B235-DBADE293B138}.Debug|Any CPU.Build.0 = Debug|Any CPU
		{9C043CD2-45D7-4091-B235-DBADE293B138}.Debug|Mixed Platforms.ActiveCfg = Debug|Any CPU
		{9C043CD2-45D7-4091-B235-DBADE293B138}.Debug|Mixed Platforms.Build.0 = Debug|Any CPU
		{9C043CD2-45D7-4091-B235-DBADE293B138}.Debug|x86.ActiveCfg = Debug|Any CPU
		{9C043CD2-45D7-4091-B235-DBADE293B138}.Release|Any CPU.ActiveCfg = Release|Any CPU
		{9C043CD2-45D7-4091-B235-DBADE293B138}.Release|Any CPU.Build.0 = Release|Any CPU
		{9C043CD2-45D7-4091-B235-DBADE293B138}.Release|Mixed Platforms.ActiveCfg = Release|Any CPU
		{9C043CD2-45D7-4091-B235-DBADE293B138}.Release|Mixed Platforms.Build.0 = Release|Any CPU
		{9C043CD2-45D7-4091-B235-DBADE293B138}.Release|x86.ActiveCfg = Release|Any CPU
		{E169FA5F-67EC-4C7C-999D-34D9CA697ABB}.Debug|Any CPU.ActiveCfg = Debug|Any CPU
		{E169FA5F-67EC-4C7C-999D-34D9CA697ABB}.Debug|Any CPU.Build.0 = Debug|Any CPU
		{E169FA5F-67EC-4C7C-999D-34D9CA697ABB}.Debug|Mixed Platforms.ActiveCfg = Debug|Any CPU
		{E169FA5F-67EC-4C7C-999D-34D9CA697ABB}.Debug|Mixed Platforms.Build.0 = Debug|Any CPU
		{E169FA5F-67EC-4C7C-999D-34D9CA697ABB}.Debug|x86.ActiveCfg = Debug|Any CPU
		{E169FA5F-67EC-4C7C-999D-34D9CA697ABB}.Release|Any CPU.ActiveCfg = Release|Any CPU
		{E169FA5F-67EC-4C7C-999D-34D9CA697ABB}.Release|Any CPU.Build.0 = Release|Any CPU
		{E169FA5F-67EC-4C7C-999D-34D9CA697ABB}.Release|Mixed Platforms.ActiveCfg = Release|Any CPU
		{E169FA5F-67EC-4C7C-999D-34D9CA697ABB}.Release|Mixed Platforms.Build.0 = Release|Any CPU
		{E169FA5F-67EC-4C7C-999D-34D9CA697ABB}.Release|x86.ActiveCfg = Release|Any CPU
		{5408F02F-5C06-4E98-9B08-AD088A1A8FA3}.Debug|Any CPU.ActiveCfg = Debug|Any CPU
		{5408F02F-5C06-4E98-9B08-AD088A1A8FA3}.Debug|Any CPU.Build.0 = Debug|Any CPU
		{5408F02F-5C06-4E98-9B08-AD088A1A8FA3}.Debug|Mixed Platforms.ActiveCfg = Debug|Any CPU
		{5408F02F-5C06-4E98-9B08-AD088A1A8FA3}.Debug|Mixed Platforms.Build.0 = Debug|Any CPU
		{5408F02F-5C06-4E98-9B08-AD088A1A8FA3}.Debug|x86.ActiveCfg = Debug|Any CPU
		{5408F02F-5C06-4E98-9B08-AD088A1A8FA3}.Release|Any CPU.ActiveCfg = Release|Any CPU
		{5408F02F-5C06-4E98-9B08-AD088A1A8FA3}.Release|Any CPU.Build.0 = Release|Any CPU
		{5408F02F-5C06-4E98-9B08-AD088A1A8FA3}.Release|Mixed Platforms.ActiveCfg = Release|Any CPU
		{5408F02F-5C06-4E98-9B08-AD088A1A8FA3}.Release|Mixed Platforms.Build.0 = Release|Any CPU
		{5408F02F-5C06-4E98-9B08-AD088A1A8FA3}.Release|x86.ActiveCfg = Release|Any CPU
		{C2E58F22-648B-42CE-B537-7565BE4AE497}.Debug|Any CPU.ActiveCfg = Debug|Any CPU
		{C2E58F22-648B-42CE-B537-7565BE4AE497}.Debug|Any CPU.Build.0 = Debug|Any CPU
		{C2E58F22-648B-42CE-B537-7565BE4AE497}.Debug|Mixed Platforms.ActiveCfg = Debug|Any CPU
		{C2E58F22-648B-42CE-B537-7565BE4AE497}.Debug|Mixed Platforms.Build.0 = Debug|Any CPU
		{C2E58F22-648B-42CE-B537-7565BE4AE497}.Debug|x86.ActiveCfg = Debug|Any CPU
		{C2E58F22-648B-42CE-B537-7565BE4AE497}.Release|Any CPU.ActiveCfg = Release|Any CPU
		{C2E58F22-648B-42CE-B537-7565BE4AE497}.Release|Any CPU.Build.0 = Release|Any CPU
		{C2E58F22-648B-42CE-B537-7565BE4AE497}.Release|Mixed Platforms.ActiveCfg = Release|Any CPU
		{C2E58F22-648B-42CE-B537-7565BE4AE497}.Release|Mixed Platforms.Build.0 = Release|Any CPU
		{C2E58F22-648B-42CE-B537-7565BE4AE497}.Release|x86.ActiveCfg = Release|Any CPU
		{5FE7018A-04CF-4755-B6A8-F76E5013B45E}.Debug|Any CPU.ActiveCfg = Debug|Any CPU
		{5FE7018A-04CF-4755-B6A8-F76E5013B45E}.Debug|Any CPU.Build.0 = Debug|Any CPU
		{5FE7018A-04CF-4755-B6A8-F76E5013B45E}.Debug|Mixed Platforms.ActiveCfg = Debug|Any CPU
		{5FE7018A-04CF-4755-B6A8-F76E5013B45E}.Debug|Mixed Platforms.Build.0 = Debug|Any CPU
		{5FE7018A-04CF-4755-B6A8-F76E5013B45E}.Debug|x86.ActiveCfg = Debug|Any CPU
		{5FE7018A-04CF-4755-B6A8-F76E5013B45E}.Release|Any CPU.ActiveCfg = Release|Any CPU
		{5FE7018A-04CF-4755-B6A8-F76E5013B45E}.Release|Any CPU.Build.0 = Release|Any CPU
		{5FE7018A-04CF-4755-B6A8-F76E5013B45E}.Release|Mixed Platforms.ActiveCfg = Release|Any CPU
		{5FE7018A-04CF-4755-B6A8-F76E5013B45E}.Release|Mixed Platforms.Build.0 = Release|Any CPU
		{5FE7018A-04CF-4755-B6A8-F76E5013B45E}.Release|x86.ActiveCfg = Release|Any CPU
		{E45C9B14-4634-4FAE-B1AF-461E4A76EFA3}.Debug|Any CPU.ActiveCfg = Debug|Any CPU
		{E45C9B14-4634-4FAE-B1AF-461E4A76EFA3}.Debug|Any CPU.Build.0 = Debug|Any CPU
		{E45C9B14-4634-4FAE-B1AF-461E4A76EFA3}.Debug|Mixed Platforms.ActiveCfg = Debug|Any CPU
		{E45C9B14-4634-4FAE-B1AF-461E4A76EFA3}.Debug|Mixed Platforms.Build.0 = Debug|Any CPU
		{E45C9B14-4634-4FAE-B1AF-461E4A76EFA3}.Debug|x86.ActiveCfg = Debug|Any CPU
		{E45C9B14-4634-4FAE-B1AF-461E4A76EFA3}.Release|Any CPU.ActiveCfg = Release|Any CPU
		{E45C9B14-4634-4FAE-B1AF-461E4A76EFA3}.Release|Any CPU.Build.0 = Release|Any CPU
		{E45C9B14-4634-4FAE-B1AF-461E4A76EFA3}.Release|Mixed Platforms.ActiveCfg = Release|Any CPU
		{E45C9B14-4634-4FAE-B1AF-461E4A76EFA3}.Release|Mixed Platforms.Build.0 = Release|Any CPU
		{E45C9B14-4634-4FAE-B1AF-461E4A76EFA3}.Release|x86.ActiveCfg = Release|Any CPU
		{A887DEFD-9B4C-404E-BD89-AFDDD1E6522D}.Debug|Any CPU.ActiveCfg = Debug|Any CPU
		{A887DEFD-9B4C-404E-BD89-AFDDD1E6522D}.Debug|Any CPU.Build.0 = Debug|Any CPU
		{A887DEFD-9B4C-404E-BD89-AFDDD1E6522D}.Debug|Mixed Platforms.ActiveCfg = Debug|Any CPU
		{A887DEFD-9B4C-404E-BD89-AFDDD1E6522D}.Debug|Mixed Platforms.Build.0 = Debug|Any CPU
		{A887DEFD-9B4C-404E-BD89-AFDDD1E6522D}.Debug|x86.ActiveCfg = Debug|Any CPU
		{A887DEFD-9B4C-404E-BD89-AFDDD1E6522D}.Release|Any CPU.ActiveCfg = Release|Any CPU
		{A887DEFD-9B4C-404E-BD89-AFDDD1E6522D}.Release|Any CPU.Build.0 = Release|Any CPU
		{A887DEFD-9B4C-404E-BD89-AFDDD1E6522D}.Release|Mixed Platforms.ActiveCfg = Release|Any CPU
		{A887DEFD-9B4C-404E-BD89-AFDDD1E6522D}.Release|Mixed Platforms.Build.0 = Release|Any CPU
		{A887DEFD-9B4C-404E-BD89-AFDDD1E6522D}.Release|x86.ActiveCfg = Release|Any CPU
		{B5B28D0F-E5D2-4AA5-8F46-8F6C425BBE12}.Debug|Any CPU.ActiveCfg = Debug|Any CPU
		{B5B28D0F-E5D2-4AA5-8F46-8F6C425BBE12}.Debug|Any CPU.Build.0 = Debug|Any CPU
		{B5B28D0F-E5D2-4AA5-8F46-8F6C425BBE12}.Debug|Mixed Platforms.ActiveCfg = Debug|Any CPU
		{B5B28D0F-E5D2-4AA5-8F46-8F6C425BBE12}.Debug|Mixed Platforms.Build.0 = Debug|Any CPU
		{B5B28D0F-E5D2-4AA5-8F46-8F6C425BBE12}.Debug|x86.ActiveCfg = Debug|Any CPU
		{B5B28D0F-E5D2-4AA5-8F46-8F6C425BBE12}.Release|Any CPU.ActiveCfg = Release|Any CPU
		{B5B28D0F-E5D2-4AA5-8F46-8F6C425BBE12}.Release|Any CPU.Build.0 = Release|Any CPU
		{B5B28D0F-E5D2-4AA5-8F46-8F6C425BBE12}.Release|Mixed Platforms.ActiveCfg = Release|Any CPU
		{B5B28D0F-E5D2-4AA5-8F46-8F6C425BBE12}.Release|Mixed Platforms.Build.0 = Release|Any CPU
		{B5B28D0F-E5D2-4AA5-8F46-8F6C425BBE12}.Release|x86.ActiveCfg = Release|Any CPU
		{A6905587-D791-4C4F-A271-3089A7A4C5B5}.Debug|Any CPU.ActiveCfg = Debug|Any CPU
		{A6905587-D791-4C4F-A271-3089A7A4C5B5}.Debug|Any CPU.Build.0 = Debug|Any CPU
		{A6905587-D791-4C4F-A271-3089A7A4C5B5}.Debug|Mixed Platforms.ActiveCfg = Debug|Any CPU
		{A6905587-D791-4C4F-A271-3089A7A4C5B5}.Debug|Mixed Platforms.Build.0 = Debug|Any CPU
		{A6905587-D791-4C4F-A271-3089A7A4C5B5}.Debug|x86.ActiveCfg = Debug|Any CPU
		{A6905587-D791-4C4F-A271-3089A7A4C5B5}.Release|Any CPU.ActiveCfg = Release|Any CPU
		{A6905587-D791-4C4F-A271-3089A7A4C5B5}.Release|Any CPU.Build.0 = Release|Any CPU
		{A6905587-D791-4C4F-A271-3089A7A4C5B5}.Release|Mixed Platforms.ActiveCfg = Release|Any CPU
		{A6905587-D791-4C4F-A271-3089A7A4C5B5}.Release|Mixed Platforms.Build.0 = Release|Any CPU
		{A6905587-D791-4C4F-A271-3089A7A4C5B5}.Release|x86.ActiveCfg = Release|Any CPU
		{71BE99E4-6765-4E5C-BBB7-9C92332E221C}.Debug|Any CPU.ActiveCfg = Debug|Any CPU
		{71BE99E4-6765-4E5C-BBB7-9C92332E221C}.Debug|Any CPU.Build.0 = Debug|Any CPU
		{71BE99E4-6765-4E5C-BBB7-9C92332E221C}.Debug|Mixed Platforms.ActiveCfg = Debug|Any CPU
		{71BE99E4-6765-4E5C-BBB7-9C92332E221C}.Debug|Mixed Platforms.Build.0 = Debug|Any CPU
		{71BE99E4-6765-4E5C-BBB7-9C92332E221C}.Debug|x86.ActiveCfg = Debug|Any CPU
		{71BE99E4-6765-4E5C-BBB7-9C92332E221C}.Release|Any CPU.ActiveCfg = Release|Any CPU
		{71BE99E4-6765-4E5C-BBB7-9C92332E221C}.Release|Any CPU.Build.0 = Release|Any CPU
		{71BE99E4-6765-4E5C-BBB7-9C92332E221C}.Release|Mixed Platforms.ActiveCfg = Release|Any CPU
		{71BE99E4-6765-4E5C-BBB7-9C92332E221C}.Release|Mixed Platforms.Build.0 = Release|Any CPU
		{71BE99E4-6765-4E5C-BBB7-9C92332E221C}.Release|x86.ActiveCfg = Release|Any CPU
		{C786D383-9225-4662-A69F-3C20B790B82A}.Debug|Any CPU.ActiveCfg = Debug|Any CPU
		{C786D383-9225-4662-A69F-3C20B790B82A}.Debug|Any CPU.Build.0 = Debug|Any CPU
		{C786D383-9225-4662-A69F-3C20B790B82A}.Debug|Mixed Platforms.ActiveCfg = Debug|Any CPU
		{C786D383-9225-4662-A69F-3C20B790B82A}.Debug|Mixed Platforms.Build.0 = Debug|Any CPU
		{C786D383-9225-4662-A69F-3C20B790B82A}.Debug|x86.ActiveCfg = Debug|Any CPU
		{C786D383-9225-4662-A69F-3C20B790B82A}.Release|Any CPU.ActiveCfg = Release|Any CPU
		{C786D383-9225-4662-A69F-3C20B790B82A}.Release|Any CPU.Build.0 = Release|Any CPU
		{C786D383-9225-4662-A69F-3C20B790B82A}.Release|Mixed Platforms.ActiveCfg = Release|Any CPU
		{C786D383-9225-4662-A69F-3C20B790B82A}.Release|Mixed Platforms.Build.0 = Release|Any CPU
		{C786D383-9225-4662-A69F-3C20B790B82A}.Release|x86.ActiveCfg = Release|Any CPU
		{AF1A817A-B6C3-4B9D-85EF-7B8BCC93C1C0}.Debug|Any CPU.ActiveCfg = Debug|Any CPU
		{AF1A817A-B6C3-4B9D-85EF-7B8BCC93C1C0}.Debug|Any CPU.Build.0 = Debug|Any CPU
		{AF1A817A-B6C3-4B9D-85EF-7B8BCC93C1C0}.Debug|Mixed Platforms.ActiveCfg = Debug|Any CPU
		{AF1A817A-B6C3-4B9D-85EF-7B8BCC93C1C0}.Debug|Mixed Platforms.Build.0 = Debug|Any CPU
		{AF1A817A-B6C3-4B9D-85EF-7B8BCC93C1C0}.Debug|x86.ActiveCfg = Debug|Any CPU
		{AF1A817A-B6C3-4B9D-85EF-7B8BCC93C1C0}.Release|Any CPU.ActiveCfg = Release|Any CPU
		{AF1A817A-B6C3-4B9D-85EF-7B8BCC93C1C0}.Release|Any CPU.Build.0 = Release|Any CPU
		{AF1A817A-B6C3-4B9D-85EF-7B8BCC93C1C0}.Release|Mixed Platforms.ActiveCfg = Release|Any CPU
		{AF1A817A-B6C3-4B9D-85EF-7B8BCC93C1C0}.Release|Mixed Platforms.Build.0 = Release|Any CPU
		{AF1A817A-B6C3-4B9D-85EF-7B8BCC93C1C0}.Release|x86.ActiveCfg = Release|Any CPU
		{9C3DDE8F-C9F6-491D-93D0-6E3AAE8402DE}.Debug|Any CPU.ActiveCfg = Debug|Any CPU
		{9C3DDE8F-C9F6-491D-93D0-6E3AAE8402DE}.Debug|Any CPU.Build.0 = Debug|Any CPU
		{9C3DDE8F-C9F6-491D-93D0-6E3AAE8402DE}.Debug|Mixed Platforms.ActiveCfg = Debug|Any CPU
		{9C3DDE8F-C9F6-491D-93D0-6E3AAE8402DE}.Debug|Mixed Platforms.Build.0 = Debug|Any CPU
		{9C3DDE8F-C9F6-491D-93D0-6E3AAE8402DE}.Debug|x86.ActiveCfg = Debug|Any CPU
		{9C3DDE8F-C9F6-491D-93D0-6E3AAE8402DE}.Release|Any CPU.ActiveCfg = Release|Any CPU
		{9C3DDE8F-C9F6-491D-93D0-6E3AAE8402DE}.Release|Any CPU.Build.0 = Release|Any CPU
		{9C3DDE8F-C9F6-491D-93D0-6E3AAE8402DE}.Release|Mixed Platforms.ActiveCfg = Release|Any CPU
		{9C3DDE8F-C9F6-491D-93D0-6E3AAE8402DE}.Release|Mixed Platforms.Build.0 = Release|Any CPU
		{9C3DDE8F-C9F6-491D-93D0-6E3AAE8402DE}.Release|x86.ActiveCfg = Release|Any CPU
		{2427BA15-9104-402E-A4AB-36F4AC18FBC9}.Debug|Any CPU.ActiveCfg = Debug|Any CPU
		{2427BA15-9104-402E-A4AB-36F4AC18FBC9}.Debug|Any CPU.Build.0 = Debug|Any CPU
		{2427BA15-9104-402E-A4AB-36F4AC18FBC9}.Debug|Mixed Platforms.ActiveCfg = Debug|Any CPU
		{2427BA15-9104-402E-A4AB-36F4AC18FBC9}.Debug|Mixed Platforms.Build.0 = Debug|Any CPU
		{2427BA15-9104-402E-A4AB-36F4AC18FBC9}.Debug|x86.ActiveCfg = Debug|Any CPU
		{2427BA15-9104-402E-A4AB-36F4AC18FBC9}.Release|Any CPU.ActiveCfg = Release|Any CPU
		{2427BA15-9104-402E-A4AB-36F4AC18FBC9}.Release|Any CPU.Build.0 = Release|Any CPU
		{2427BA15-9104-402E-A4AB-36F4AC18FBC9}.Release|Mixed Platforms.ActiveCfg = Release|Any CPU
		{2427BA15-9104-402E-A4AB-36F4AC18FBC9}.Release|Mixed Platforms.Build.0 = Release|Any CPU
		{2427BA15-9104-402E-A4AB-36F4AC18FBC9}.Release|x86.ActiveCfg = Release|Any CPU
		{1F61128D-4E1D-401F-9BA3-C97582188A3E}.Debug|Any CPU.ActiveCfg = Debug|Any CPU
		{1F61128D-4E1D-401F-9BA3-C97582188A3E}.Debug|Any CPU.Build.0 = Debug|Any CPU
		{1F61128D-4E1D-401F-9BA3-C97582188A3E}.Debug|Mixed Platforms.ActiveCfg = Debug|Any CPU
		{1F61128D-4E1D-401F-9BA3-C97582188A3E}.Debug|Mixed Platforms.Build.0 = Debug|Any CPU
		{1F61128D-4E1D-401F-9BA3-C97582188A3E}.Debug|x86.ActiveCfg = Debug|Any CPU
		{1F61128D-4E1D-401F-9BA3-C97582188A3E}.Release|Any CPU.ActiveCfg = Release|Any CPU
		{1F61128D-4E1D-401F-9BA3-C97582188A3E}.Release|Any CPU.Build.0 = Release|Any CPU
		{1F61128D-4E1D-401F-9BA3-C97582188A3E}.Release|Mixed Platforms.ActiveCfg = Release|Any CPU
		{1F61128D-4E1D-401F-9BA3-C97582188A3E}.Release|Mixed Platforms.Build.0 = Release|Any CPU
		{1F61128D-4E1D-401F-9BA3-C97582188A3E}.Release|x86.ActiveCfg = Release|Any CPU
		{F0ED8B4B-6513-457F-BCB5-3DA856D4C8F0}.Debug|Any CPU.ActiveCfg = Debug|Any CPU
		{F0ED8B4B-6513-457F-BCB5-3DA856D4C8F0}.Debug|Any CPU.Build.0 = Debug|Any CPU
		{F0ED8B4B-6513-457F-BCB5-3DA856D4C8F0}.Debug|Mixed Platforms.ActiveCfg = Debug|Any CPU
		{F0ED8B4B-6513-457F-BCB5-3DA856D4C8F0}.Debug|Mixed Platforms.Build.0 = Debug|Any CPU
		{F0ED8B4B-6513-457F-BCB5-3DA856D4C8F0}.Debug|x86.ActiveCfg = Debug|Any CPU
		{F0ED8B4B-6513-457F-BCB5-3DA856D4C8F0}.Release|Any CPU.ActiveCfg = Release|Any CPU
		{F0ED8B4B-6513-457F-BCB5-3DA856D4C8F0}.Release|Any CPU.Build.0 = Release|Any CPU
		{F0ED8B4B-6513-457F-BCB5-3DA856D4C8F0}.Release|Mixed Platforms.ActiveCfg = Release|Any CPU
		{F0ED8B4B-6513-457F-BCB5-3DA856D4C8F0}.Release|Mixed Platforms.Build.0 = Release|Any CPU
		{F0ED8B4B-6513-457F-BCB5-3DA856D4C8F0}.Release|x86.ActiveCfg = Release|Any CPU
		{3B26196C-A331-4626-ACF5-842675CD097D}.Debug|Any CPU.ActiveCfg = Debug|Any CPU
		{3B26196C-A331-4626-ACF5-842675CD097D}.Debug|Any CPU.Build.0 = Debug|Any CPU
		{3B26196C-A331-4626-ACF5-842675CD097D}.Debug|Mixed Platforms.ActiveCfg = Debug|Any CPU
		{3B26196C-A331-4626-ACF5-842675CD097D}.Debug|Mixed Platforms.Build.0 = Debug|Any CPU
		{3B26196C-A331-4626-ACF5-842675CD097D}.Debug|x86.ActiveCfg = Debug|Any CPU
		{3B26196C-A331-4626-ACF5-842675CD097D}.Release|Any CPU.ActiveCfg = Release|Any CPU
		{3B26196C-A331-4626-ACF5-842675CD097D}.Release|Any CPU.Build.0 = Release|Any CPU
		{3B26196C-A331-4626-ACF5-842675CD097D}.Release|Mixed Platforms.ActiveCfg = Release|Any CPU
		{3B26196C-A331-4626-ACF5-842675CD097D}.Release|Mixed Platforms.Build.0 = Release|Any CPU
		{3B26196C-A331-4626-ACF5-842675CD097D}.Release|x86.ActiveCfg = Release|Any CPU
		{49805C4F-8FB8-4FAE-BC80-D63B870E6E87}.Debug|Any CPU.ActiveCfg = Debug|Any CPU
		{49805C4F-8FB8-4FAE-BC80-D63B870E6E87}.Debug|Any CPU.Build.0 = Debug|Any CPU
		{49805C4F-8FB8-4FAE-BC80-D63B870E6E87}.Debug|Mixed Platforms.ActiveCfg = Debug|Any CPU
		{49805C4F-8FB8-4FAE-BC80-D63B870E6E87}.Debug|Mixed Platforms.Build.0 = Debug|Any CPU
		{49805C4F-8FB8-4FAE-BC80-D63B870E6E87}.Debug|x86.ActiveCfg = Debug|Any CPU
		{49805C4F-8FB8-4FAE-BC80-D63B870E6E87}.Release|Any CPU.ActiveCfg = Release|Any CPU
		{49805C4F-8FB8-4FAE-BC80-D63B870E6E87}.Release|Any CPU.Build.0 = Release|Any CPU
		{49805C4F-8FB8-4FAE-BC80-D63B870E6E87}.Release|Mixed Platforms.ActiveCfg = Release|Any CPU
		{49805C4F-8FB8-4FAE-BC80-D63B870E6E87}.Release|Mixed Platforms.Build.0 = Release|Any CPU
		{49805C4F-8FB8-4FAE-BC80-D63B870E6E87}.Release|x86.ActiveCfg = Release|Any CPU
		{88858E10-4747-4510-8E94-34610931CD93}.Debug|Any CPU.ActiveCfg = Debug|Any CPU
		{88858E10-4747-4510-8E94-34610931CD93}.Debug|Any CPU.Build.0 = Debug|Any CPU
		{88858E10-4747-4510-8E94-34610931CD93}.Debug|Mixed Platforms.ActiveCfg = Debug|Any CPU
		{88858E10-4747-4510-8E94-34610931CD93}.Debug|Mixed Platforms.Build.0 = Debug|Any CPU
		{88858E10-4747-4510-8E94-34610931CD93}.Debug|x86.ActiveCfg = Debug|Any CPU
		{88858E10-4747-4510-8E94-34610931CD93}.Release|Any CPU.ActiveCfg = Release|Any CPU
		{88858E10-4747-4510-8E94-34610931CD93}.Release|Any CPU.Build.0 = Release|Any CPU
		{88858E10-4747-4510-8E94-34610931CD93}.Release|Mixed Platforms.ActiveCfg = Release|Any CPU
		{88858E10-4747-4510-8E94-34610931CD93}.Release|Mixed Platforms.Build.0 = Release|Any CPU
		{88858E10-4747-4510-8E94-34610931CD93}.Release|x86.ActiveCfg = Release|Any CPU
		{9CFC6183-5D1A-4EF0-AF86-54FE0B427E43}.Debug|Any CPU.ActiveCfg = Debug|Any CPU
		{9CFC6183-5D1A-4EF0-AF86-54FE0B427E43}.Debug|Any CPU.Build.0 = Debug|Any CPU
		{9CFC6183-5D1A-4EF0-AF86-54FE0B427E43}.Debug|Mixed Platforms.ActiveCfg = Debug|Any CPU
		{9CFC6183-5D1A-4EF0-AF86-54FE0B427E43}.Debug|Mixed Platforms.Build.0 = Debug|Any CPU
		{9CFC6183-5D1A-4EF0-AF86-54FE0B427E43}.Debug|x86.ActiveCfg = Debug|Any CPU
		{9CFC6183-5D1A-4EF0-AF86-54FE0B427E43}.Release|Any CPU.ActiveCfg = Release|Any CPU
		{9CFC6183-5D1A-4EF0-AF86-54FE0B427E43}.Release|Any CPU.Build.0 = Release|Any CPU
		{9CFC6183-5D1A-4EF0-AF86-54FE0B427E43}.Release|Mixed Platforms.ActiveCfg = Release|Any CPU
		{9CFC6183-5D1A-4EF0-AF86-54FE0B427E43}.Release|Mixed Platforms.Build.0 = Release|Any CPU
		{9CFC6183-5D1A-4EF0-AF86-54FE0B427E43}.Release|x86.ActiveCfg = Release|Any CPU
		{B644A608-B281-449A-94BC-EE1F1EA7A884}.Debug|Any CPU.ActiveCfg = Debug|Any CPU
		{B644A608-B281-449A-94BC-EE1F1EA7A884}.Debug|Any CPU.Build.0 = Debug|Any CPU
		{B644A608-B281-449A-94BC-EE1F1EA7A884}.Debug|Mixed Platforms.ActiveCfg = Debug|Any CPU
		{B644A608-B281-449A-94BC-EE1F1EA7A884}.Debug|Mixed Platforms.Build.0 = Debug|Any CPU
		{B644A608-B281-449A-94BC-EE1F1EA7A884}.Debug|x86.ActiveCfg = Debug|Any CPU
		{B644A608-B281-449A-94BC-EE1F1EA7A884}.Release|Any CPU.ActiveCfg = Release|Any CPU
		{B644A608-B281-449A-94BC-EE1F1EA7A884}.Release|Any CPU.Build.0 = Release|Any CPU
		{B644A608-B281-449A-94BC-EE1F1EA7A884}.Release|Mixed Platforms.ActiveCfg = Release|Any CPU
		{B644A608-B281-449A-94BC-EE1F1EA7A884}.Release|Mixed Platforms.Build.0 = Release|Any CPU
		{B644A608-B281-449A-94BC-EE1F1EA7A884}.Release|x86.ActiveCfg = Release|Any CPU
		{E7880DA0-278D-4E97-AB42-84E13C649FBC}.Debug|Any CPU.ActiveCfg = Debug|Any CPU
		{E7880DA0-278D-4E97-AB42-84E13C649FBC}.Debug|Any CPU.Build.0 = Debug|Any CPU
		{E7880DA0-278D-4E97-AB42-84E13C649FBC}.Debug|Mixed Platforms.ActiveCfg = Debug|Any CPU
		{E7880DA0-278D-4E97-AB42-84E13C649FBC}.Debug|Mixed Platforms.Build.0 = Debug|Any CPU
		{E7880DA0-278D-4E97-AB42-84E13C649FBC}.Debug|x86.ActiveCfg = Debug|Any CPU
		{E7880DA0-278D-4E97-AB42-84E13C649FBC}.Release|Any CPU.ActiveCfg = Release|Any CPU
		{E7880DA0-278D-4E97-AB42-84E13C649FBC}.Release|Any CPU.Build.0 = Release|Any CPU
		{E7880DA0-278D-4E97-AB42-84E13C649FBC}.Release|Mixed Platforms.ActiveCfg = Release|Any CPU
		{E7880DA0-278D-4E97-AB42-84E13C649FBC}.Release|Mixed Platforms.Build.0 = Release|Any CPU
		{E7880DA0-278D-4E97-AB42-84E13C649FBC}.Release|x86.ActiveCfg = Release|Any CPU
		{0CF77B33-EC3E-4903-BC52-BFC756DE5803}.Debug|Any CPU.ActiveCfg = Debug|Any CPU
		{0CF77B33-EC3E-4903-BC52-BFC756DE5803}.Debug|Any CPU.Build.0 = Debug|Any CPU
		{0CF77B33-EC3E-4903-BC52-BFC756DE5803}.Debug|Mixed Platforms.ActiveCfg = Debug|Any CPU
		{0CF77B33-EC3E-4903-BC52-BFC756DE5803}.Debug|Mixed Platforms.Build.0 = Debug|Any CPU
		{0CF77B33-EC3E-4903-BC52-BFC756DE5803}.Debug|x86.ActiveCfg = Debug|Any CPU
		{0CF77B33-EC3E-4903-BC52-BFC756DE5803}.Release|Any CPU.ActiveCfg = Release|Any CPU
		{0CF77B33-EC3E-4903-BC52-BFC756DE5803}.Release|Any CPU.Build.0 = Release|Any CPU
		{0CF77B33-EC3E-4903-BC52-BFC756DE5803}.Release|Mixed Platforms.ActiveCfg = Release|Any CPU
		{0CF77B33-EC3E-4903-BC52-BFC756DE5803}.Release|Mixed Platforms.Build.0 = Release|Any CPU
		{0CF77B33-EC3E-4903-BC52-BFC756DE5803}.Release|x86.ActiveCfg = Release|Any CPU
		{D2A2138E-B680-4C6A-8ACA-10133E47E927}.Debug|Any CPU.ActiveCfg = Debug|Any CPU
		{D2A2138E-B680-4C6A-8ACA-10133E47E927}.Debug|Any CPU.Build.0 = Debug|Any CPU
		{D2A2138E-B680-4C6A-8ACA-10133E47E927}.Debug|Mixed Platforms.ActiveCfg = Debug|Any CPU
		{D2A2138E-B680-4C6A-8ACA-10133E47E927}.Debug|Mixed Platforms.Build.0 = Debug|Any CPU
		{D2A2138E-B680-4C6A-8ACA-10133E47E927}.Debug|x86.ActiveCfg = Debug|Any CPU
		{D2A2138E-B680-4C6A-8ACA-10133E47E927}.Release|Any CPU.ActiveCfg = Release|Any CPU
		{D2A2138E-B680-4C6A-8ACA-10133E47E927}.Release|Any CPU.Build.0 = Release|Any CPU
		{D2A2138E-B680-4C6A-8ACA-10133E47E927}.Release|Mixed Platforms.ActiveCfg = Release|Any CPU
		{D2A2138E-B680-4C6A-8ACA-10133E47E927}.Release|Mixed Platforms.Build.0 = Release|Any CPU
		{D2A2138E-B680-4C6A-8ACA-10133E47E927}.Release|x86.ActiveCfg = Release|Any CPU
		{C97B0D77-9872-4BCB-BC25-DB6A94FB907A}.Debug|Any CPU.ActiveCfg = Debug|Any CPU
		{C97B0D77-9872-4BCB-BC25-DB6A94FB907A}.Debug|Any CPU.Build.0 = Debug|Any CPU
		{C97B0D77-9872-4BCB-BC25-DB6A94FB907A}.Debug|Mixed Platforms.ActiveCfg = Debug|Any CPU
		{C97B0D77-9872-4BCB-BC25-DB6A94FB907A}.Debug|Mixed Platforms.Build.0 = Debug|Any CPU
		{C97B0D77-9872-4BCB-BC25-DB6A94FB907A}.Debug|x86.ActiveCfg = Debug|Any CPU
		{C97B0D77-9872-4BCB-BC25-DB6A94FB907A}.Release|Any CPU.ActiveCfg = Release|Any CPU
		{C97B0D77-9872-4BCB-BC25-DB6A94FB907A}.Release|Any CPU.Build.0 = Release|Any CPU
		{C97B0D77-9872-4BCB-BC25-DB6A94FB907A}.Release|Mixed Platforms.ActiveCfg = Release|Any CPU
		{C97B0D77-9872-4BCB-BC25-DB6A94FB907A}.Release|Mixed Platforms.Build.0 = Release|Any CPU
		{C97B0D77-9872-4BCB-BC25-DB6A94FB907A}.Release|x86.ActiveCfg = Release|Any CPU
		{FE7377CD-8F77-49CA-9CEA-4CC1458BC63E}.Debug|Any CPU.ActiveCfg = Debug|Any CPU
		{FE7377CD-8F77-49CA-9CEA-4CC1458BC63E}.Debug|Any CPU.Build.0 = Debug|Any CPU
		{FE7377CD-8F77-49CA-9CEA-4CC1458BC63E}.Debug|Mixed Platforms.ActiveCfg = Debug|Any CPU
		{FE7377CD-8F77-49CA-9CEA-4CC1458BC63E}.Debug|Mixed Platforms.Build.0 = Debug|Any CPU
		{FE7377CD-8F77-49CA-9CEA-4CC1458BC63E}.Debug|x86.ActiveCfg = Debug|Any CPU
		{FE7377CD-8F77-49CA-9CEA-4CC1458BC63E}.Release|Any CPU.ActiveCfg = Release|Any CPU
		{FE7377CD-8F77-49CA-9CEA-4CC1458BC63E}.Release|Any CPU.Build.0 = Release|Any CPU
		{FE7377CD-8F77-49CA-9CEA-4CC1458BC63E}.Release|Mixed Platforms.ActiveCfg = Release|Any CPU
		{FE7377CD-8F77-49CA-9CEA-4CC1458BC63E}.Release|Mixed Platforms.Build.0 = Release|Any CPU
		{FE7377CD-8F77-49CA-9CEA-4CC1458BC63E}.Release|x86.ActiveCfg = Release|Any CPU
	EndGlobalSection
	GlobalSection(SolutionProperties) = preSolution
		HideSolutionNode = FALSE
	EndGlobalSection
	GlobalSection(NestedProjects) = preSolution
		{22132BE4-7D0B-400E-B03C-F6A3CAC02E01} = {3A1D5881-D716-41B6-B8D1-58D8C2267CAD}
		{4C09D2B4-2F71-479F-B223-30C3AFE8BBB1} = {3A1D5881-D716-41B6-B8D1-58D8C2267CAD}
		{E989B4DD-42BE-495C-BDF2-DC64615E52E7} = {3A1D5881-D716-41B6-B8D1-58D8C2267CAD}
		{8C152AB5-8D37-4A2F-82DC-DBD9F7274D11} = {5B091515-D464-45D2-B218-BFBCFC5D039D}
		{3F266883-3FB4-47AF-B422-F38800938367} = {5B091515-D464-45D2-B218-BFBCFC5D039D}
		{FE0982C4-CF8E-41D0-96F7-A1819ECB9D2B} = {3F266883-3FB4-47AF-B422-F38800938367}
		{EFB4C9DD-9BB9-4E9D-B112-E51C274574B5} = {8C152AB5-8D37-4A2F-82DC-DBD9F7274D11}
		{1E6CA853-71FE-496F-B5B9-FAC29DD3224E} = {60BCB6A5-47DA-44B7-9200-0D4C69244CA7}
		{37ED0098-4DFE-4AD8-A41E-E55476813694} = {1E6CA853-71FE-496F-B5B9-FAC29DD3224E}
		{57004B7B-BBE8-4966-8FC0-F05965CC44F1} = {1E6CA853-71FE-496F-B5B9-FAC29DD3224E}
		{C4191430-DEF4-4A30-BCD7-71E89F2EEDDD} = {1E6CA853-71FE-496F-B5B9-FAC29DD3224E}
		{6119B391-695C-4020-A34F-FF7356E4C82B} = {60BCB6A5-47DA-44B7-9200-0D4C69244CA7}
		{DC6E32AA-0560-4DB4-8A53-27F77AC5E635} = {6119B391-695C-4020-A34F-FF7356E4C82B}
		{435B63DF-457F-4554-B297-8E7492DD791F} = {5B091515-D464-45D2-B218-BFBCFC5D039D}
		{14FA588B-D4DC-4856-BBE9-838C3591C8A3} = {435B63DF-457F-4554-B297-8E7492DD791F}
		{E583388F-055C-4B10-B0FE-FF5825BEF641} = {4C09D2B4-2F71-479F-B223-30C3AFE8BBB1}
		{F400C272-EB51-40BC-860D-915D65FBD1E0} = {E583388F-055C-4B10-B0FE-FF5825BEF641}
		{40E0A691-FE89-4D02-8663-459D97BEA952} = {5B091515-D464-45D2-B218-BFBCFC5D039D}
		{F9AE617D-3B87-4642-BDC0-F2286D9703B8} = {40E0A691-FE89-4D02-8663-459D97BEA952}
		{28F62670-A4A9-4D49-8AA4-A583A1AA9514} = {5B091515-D464-45D2-B218-BFBCFC5D039D}
		{5750AF1B-A1EA-4A1C-B07C-EC3E7A4D0E1B} = {28F62670-A4A9-4D49-8AA4-A583A1AA9514}
		{DBC12FD6-FA5E-4250-94CF-A5AAF48AB6B6} = {5B091515-D464-45D2-B218-BFBCFC5D039D}
		{D557D691-5259-44E1-BBEE-57008153D19B} = {DBC12FD6-FA5E-4250-94CF-A5AAF48AB6B6}
		{F581DCBE-CB4A-4142-AA8C-92C5E1E01009} = {6119B391-695C-4020-A34F-FF7356E4C82B}
		{558D6A8E-412A-4F68-A5C1-31394253661D} = {5B091515-D464-45D2-B218-BFBCFC5D039D}
		{BBCB5F92-14AA-4897-8FD9-95BCC421D7C4} = {558D6A8E-412A-4F68-A5C1-31394253661D}
		{00ED04D8-824A-43F8-BC9D-6665B266A201} = {D4DD71F1-FE1C-4654-AE75-8F9356513588}
		{18BCC448-2D83-4C38-943D-304C6D9B9AFF} = {2904C0BA-8291-4D59-829E-AA6CECC3D7B2}
		{D4DD71F1-FE1C-4654-AE75-8F9356513588} = {BDC6AEDA-37A6-4E4D-A96D-529C22CACC78}
		{9429EFE6-B74A-4AB9-9DD3-8DC04545CCA3} = {BDC6AEDA-37A6-4E4D-A96D-529C22CACC78}
		{38882009-737D-4211-A0EE-E27D6F481AAE} = {9429EFE6-B74A-4AB9-9DD3-8DC04545CCA3}
		{6C28664C-0E5C-43D5-85BE-13FD7016171A} = {BDC6AEDA-37A6-4E4D-A96D-529C22CACC78}
		{E685BCBA-15F1-446F-BB0D-71081E0011BF} = {6C28664C-0E5C-43D5-85BE-13FD7016171A}
		{1FCB83F8-7345-4351-AD1C-6D0A85F1B789} = {BDC6AEDA-37A6-4E4D-A96D-529C22CACC78}
		{A9EFFC8D-BF19-4E8A-A66D-7573EEAC56C6} = {1FCB83F8-7345-4351-AD1C-6D0A85F1B789}
		{ED8832A6-D3D2-4792-94C9-9A71AD24DE5A} = {B65FA6EB-C018-403B-9F02-2C0E220B7C87}
		{C497C5E0-76DB-488A-AFA6-881C4A982A3D} = {DBC12FD6-FA5E-4250-94CF-A5AAF48AB6B6}
		{5B091515-D464-45D2-B218-BFBCFC5D039D} = {4C09D2B4-2F71-479F-B223-30C3AFE8BBB1}
		{2915664B-AA7F-4CCD-B803-E177054B99A0} = {4C09D2B4-2F71-479F-B223-30C3AFE8BBB1}
		{60BCB6A5-47DA-44B7-9200-0D4C69244CA7} = {E989B4DD-42BE-495C-BDF2-DC64615E52E7}
		{A134F8F0-CA8B-4BCE-A1AB-7FB37B514776} = {E989B4DD-42BE-495C-BDF2-DC64615E52E7}
		{B65FA6EB-C018-403B-9F02-2C0E220B7C87} = {22132BE4-7D0B-400E-B03C-F6A3CAC02E01}
		{80291D14-EAF7-4BEC-A000-E6E38723CCF4} = {22132BE4-7D0B-400E-B03C-F6A3CAC02E01}
		{2904C0BA-8291-4D59-829E-AA6CECC3D7B2} = {1BFA0CDA-92D0-44A6-9922-7FAA6C0E117A}
		{BDC6AEDA-37A6-4E4D-A96D-529C22CACC78} = {2904C0BA-8291-4D59-829E-AA6CECC3D7B2}
		{C5EDD924-38A5-4663-95C8-C3CF6106328D} = {1BFA0CDA-92D0-44A6-9922-7FAA6C0E117A}
		{485A3BBD-0BBC-49B3-A998-419CD97BA141} = {67EA0345-FC51-4C65-9F40-241522745CD0}
		{3A1D5881-D716-41B6-B8D1-58D8C2267CAD} = {742C3063-2822-4987-93EE-3B6E647D6610}
		{DE333555-BC00-449B-8156-FA36E9DC305F} = {22132BE4-7D0B-400E-B03C-F6A3CAC02E01}
		{D4A22F89-5075-404B-8804-17B4E632CAEE} = {4C09D2B4-2F71-479F-B223-30C3AFE8BBB1}
		{8D68A78D-B061-4DC5-A605-B9A1D9B11F3A} = {E989B4DD-42BE-495C-BDF2-DC64615E52E7}
		{BFC7E270-228C-4472-8F03-7C35A7556A41} = {C5EDD924-38A5-4663-95C8-C3CF6106328D}
		{784F6953-5777-4858-B0D3-975E509A9715} = {C5EDD924-38A5-4663-95C8-C3CF6106328D}
		{5C40D7E8-097F-41D9-8C02-2D1875CD8FE1} = {80291D14-EAF7-4BEC-A000-E6E38723CCF4}
		{8DA0E231-2DB4-4773-9C7D-D1E7931DBEBE} = {5C40D7E8-097F-41D9-8C02-2D1875CD8FE1}
		{EEBA5A28-EF49-4B76-9A58-47CC3D75E03C} = {2915664B-AA7F-4CCD-B803-E177054B99A0}
		{D6F4E26E-F041-40CF-A045-C80F5FBCDBF7} = {2915664B-AA7F-4CCD-B803-E177054B99A0}
		{8CC61C52-60ED-44DF-B17A-4BD1D021E7B8} = {2915664B-AA7F-4CCD-B803-E177054B99A0}
		{37343EE7-C76A-4532-B3F8-4585965514D3} = {2915664B-AA7F-4CCD-B803-E177054B99A0}
		{0D9F497C-034A-46A5-8A82-AB4F1F24C983} = {2915664B-AA7F-4CCD-B803-E177054B99A0}
		{F5AFE99B-8C61-44B5-88CB-C7F5375413CF} = {2915664B-AA7F-4CCD-B803-E177054B99A0}
		{0923E706-B07D-4EBB-89D1-B9F34D240911} = {A134F8F0-CA8B-4BCE-A1AB-7FB37B514776}
		{18EBDD50-ECA0-467D-A183-0A44786649E1} = {F9D0A816-497A-40B1-AFB8-54CD9EB5F914}
		{9C043CD2-45D7-4091-B235-DBADE293B138} = {F9D0A816-497A-40B1-AFB8-54CD9EB5F914}
		{E169FA5F-67EC-4C7C-999D-34D9CA697ABB} = {F9D0A816-497A-40B1-AFB8-54CD9EB5F914}
		{5408F02F-5C06-4E98-9B08-AD088A1A8FA3} = {F9D0A816-497A-40B1-AFB8-54CD9EB5F914}
		{F9D0A816-497A-40B1-AFB8-54CD9EB5F914} = {B65FA6EB-C018-403B-9F02-2C0E220B7C87}
		{CBCBC275-762A-4EE8-812A-2939451E5D97} = {784F6953-5777-4858-B0D3-975E509A9715}
		{615D798C-899A-45D8-A23C-DBAFB01B2D17} = {784F6953-5777-4858-B0D3-975E509A9715}
		{C2E58F22-648B-42CE-B537-7565BE4AE497} = {615D798C-899A-45D8-A23C-DBAFB01B2D17}
		{5FE7018A-04CF-4755-B6A8-F76E5013B45E} = {CBCBC275-762A-4EE8-812A-2939451E5D97}
		{E45C9B14-4634-4FAE-B1AF-461E4A76EFA3} = {CBCBC275-762A-4EE8-812A-2939451E5D97}
		{A887DEFD-9B4C-404E-BD89-AFDDD1E6522D} = {615D798C-899A-45D8-A23C-DBAFB01B2D17}
		{068FE59C-9217-4FD2-AD6B-5927F4C3BBF0} = {784F6953-5777-4858-B0D3-975E509A9715}
		{B5B28D0F-E5D2-4AA5-8F46-8F6C425BBE12} = {068FE59C-9217-4FD2-AD6B-5927F4C3BBF0}
		{A6905587-D791-4C4F-A271-3089A7A4C5B5} = {068FE59C-9217-4FD2-AD6B-5927F4C3BBF0}
		{71BE99E4-6765-4E5C-BBB7-9C92332E221C} = {068FE59C-9217-4FD2-AD6B-5927F4C3BBF0}
		{444FE6D6-9264-4A72-A53A-64470D06C61D} = {784F6953-5777-4858-B0D3-975E509A9715}
		{C786D383-9225-4662-A69F-3C20B790B82A} = {EEBA5A28-EF49-4B76-9A58-47CC3D75E03C}
		{AF1A817A-B6C3-4B9D-85EF-7B8BCC93C1C0} = {485A3BBD-0BBC-49B3-A998-419CD97BA141}
		{9C3DDE8F-C9F6-491D-93D0-6E3AAE8402DE} = {485A3BBD-0BBC-49B3-A998-419CD97BA141}
		{2427BA15-9104-402E-A4AB-36F4AC18FBC9} = {485A3BBD-0BBC-49B3-A998-419CD97BA141}
		{4DA549EB-1988-4AC1-927B-67431D74BA93} = {67EA0345-FC51-4C65-9F40-241522745CD0}
		{1F61128D-4E1D-401F-9BA3-C97582188A3E} = {4DA549EB-1988-4AC1-927B-67431D74BA93}
		{F0ED8B4B-6513-457F-BCB5-3DA856D4C8F0} = {4DA549EB-1988-4AC1-927B-67431D74BA93}
		{3B26196C-A331-4626-ACF5-842675CD097D} = {4DA549EB-1988-4AC1-927B-67431D74BA93}
		{49805C4F-8FB8-4FAE-BC80-D63B870E6E87} = {4DA549EB-1988-4AC1-927B-67431D74BA93}
		{88858E10-4747-4510-8E94-34610931CD93} = {4DA549EB-1988-4AC1-927B-67431D74BA93}
		{9CFC6183-5D1A-4EF0-AF86-54FE0B427E43} = {4DA549EB-1988-4AC1-927B-67431D74BA93}
		{1FA6CC73-4F5F-4511-A2B9-4675D4C5258A} = {67EA0345-FC51-4C65-9F40-241522745CD0}
		{B644A608-B281-449A-94BC-EE1F1EA7A884} = {1FA6CC73-4F5F-4511-A2B9-4675D4C5258A}
		{E7880DA0-278D-4E97-AB42-84E13C649FBC} = {1FA6CC73-4F5F-4511-A2B9-4675D4C5258A}
		{0CF77B33-EC3E-4903-BC52-BFC756DE5803} = {1FA6CC73-4F5F-4511-A2B9-4675D4C5258A}
		{D2A2138E-B680-4C6A-8ACA-10133E47E927} = {CBCBC275-762A-4EE8-812A-2939451E5D97}
		{ADC27D35-A930-45CF-B7F1-E700B289BEA3} = {2904C0BA-8291-4D59-829E-AA6CECC3D7B2}
		{2940F363-4EC4-4F5E-A0A5-59AF06EF9BF4} = {1BFA0CDA-92D0-44A6-9922-7FAA6C0E117A}
		{C97B0D77-9872-4BCB-BC25-DB6A94FB907A} = {D4DD71F1-FE1C-4654-AE75-8F9356513588}
		{FE7377CD-8F77-49CA-9CEA-4CC1458BC63E} = {D4DD71F1-FE1C-4654-AE75-8F9356513588}
	EndGlobalSection
EndGlobal
